// !$*UTF8*$!
{
	archiveVersion = 1;
	classes = {
	};
	objectVersion = 46;
	objects = {

/* Begin PBXBuildFile section */
		1539542E1E64272B00A20FB9 /* main.m in Sources */ = {isa = PBXBuildFile; fileRef = 1539542D1E64272B00A20FB9 /* main.m */; };
		153954311E64272B00A20FB9 /* AppDelegate.m in Sources */ = {isa = PBXBuildFile; fileRef = 153954301E64272B00A20FB9 /* AppDelegate.m */; };
		153954341E64272B00A20FB9 /* ViewController.m in Sources */ = {isa = PBXBuildFile; fileRef = 153954331E64272B00A20FB9 /* ViewController.m */; };
		153954371E64272B00A20FB9 /* Main.storyboard in Resources */ = {isa = PBXBuildFile; fileRef = 153954351E64272B00A20FB9 /* Main.storyboard */; };
		153954391E64272B00A20FB9 /* Assets.xcassets in Resources */ = {isa = PBXBuildFile; fileRef = 153954381E64272B00A20FB9 /* Assets.xcassets */; };
		1539543C1E64272B00A20FB9 /* LaunchScreen.storyboard in Resources */ = {isa = PBXBuildFile; fileRef = 1539543A1E64272B00A20FB9 /* LaunchScreen.storyboard */; };
		153954471E64272C00A20FB9 /* TTTests.m in Sources */ = {isa = PBXBuildFile; fileRef = 153954461E64272C00A20FB9 /* TTTests.m */; };
		153954521E64272C00A20FB9 /* TTUITests.m in Sources */ = {isa = PBXBuildFile; fileRef = 153954511E64272C00A20FB9 /* TTUITests.m */; };
		153955BB1E64288600A20FB9 /* UIDevice+TTDevice.m in Sources */ = {isa = PBXBuildFile; fileRef = 153955BA1E64288600A20FB9 /* UIDevice+TTDevice.m */; };
		153955BE1E6428ED00A20FB9 /* NSDate+TTDate.m in Sources */ = {isa = PBXBuildFile; fileRef = 153955BD1E6428ED00A20FB9 /* NSDate+TTDate.m */; };
		153955C11E64298600A20FB9 /* NSFileManager+TTFileManager.m in Sources */ = {isa = PBXBuildFile; fileRef = 153955C01E64298600A20FB9 /* NSFileManager+TTFileManager.m */; };
		153955C41E642A1A00A20FB9 /* NSString+TTString.m in Sources */ = {isa = PBXBuildFile; fileRef = 153955C31E642A1A00A20FB9 /* NSString+TTString.m */; };
		153955C71E642B2100A20FB9 /* NSUserDefaults+TTUserDefaults.m in Sources */ = {isa = PBXBuildFile; fileRef = 153955C61E642B2100A20FB9 /* NSUserDefaults+TTUserDefaults.m */; };
		153955CA1E642FDA00A20FB9 /* UIView+TTSuperView.m in Sources */ = {isa = PBXBuildFile; fileRef = 153955C91E642FDA00A20FB9 /* UIView+TTSuperView.m */; };
		153955D01E6431DE00A20FB9 /* UINavigationController+TTFullscreenPopGesture.m in Sources */ = {isa = PBXBuildFile; fileRef = 153955CF1E6431DE00A20FB9 /* UINavigationController+TTFullscreenPopGesture.m */; };
		153955D31E64365B00A20FB9 /* UIWindow+TTWindow.m in Sources */ = {isa = PBXBuildFile; fileRef = 153955D21E64365B00A20FB9 /* UIWindow+TTWindow.m */; };
/* End PBXBuildFile section */

/* Begin PBXContainerItemProxy section */
		153954431E64272C00A20FB9 /* PBXContainerItemProxy */ = {
			isa = PBXContainerItemProxy;
			containerPortal = 153954211E64272B00A20FB9 /* Project object */;
			proxyType = 1;
			remoteGlobalIDString = 153954281E64272B00A20FB9;
			remoteInfo = TT;
		};
		1539544E1E64272C00A20FB9 /* PBXContainerItemProxy */ = {
			isa = PBXContainerItemProxy;
			containerPortal = 153954211E64272B00A20FB9 /* Project object */;
			proxyType = 1;
			remoteGlobalIDString = 153954281E64272B00A20FB9;
			remoteInfo = TT;
		};
/* End PBXContainerItemProxy section */

/* Begin PBXFileReference section */
		153954291E64272B00A20FB9 /* TT.app */ = {isa = PBXFileReference; explicitFileType = wrapper.application; includeInIndex = 0; path = TT.app; sourceTree = BUILT_PRODUCTS_DIR; };
		1539542D1E64272B00A20FB9 /* main.m */ = {isa = PBXFileReference; lastKnownFileType = sourcecode.c.objc; path = main.m; sourceTree = "<group>"; };
		1539542F1E64272B00A20FB9 /* AppDelegate.h */ = {isa = PBXFileReference; lastKnownFileType = sourcecode.c.h; path = AppDelegate.h; sourceTree = "<group>"; };
		153954301E64272B00A20FB9 /* AppDelegate.m */ = {isa = PBXFileReference; lastKnownFileType = sourcecode.c.objc; path = AppDelegate.m; sourceTree = "<group>"; };
		153954321E64272B00A20FB9 /* ViewController.h */ = {isa = PBXFileReference; lastKnownFileType = sourcecode.c.h; path = ViewController.h; sourceTree = "<group>"; };
		153954331E64272B00A20FB9 /* ViewController.m */ = {isa = PBXFileReference; lastKnownFileType = sourcecode.c.objc; path = ViewController.m; sourceTree = "<group>"; };
		153954361E64272B00A20FB9 /* Base */ = {isa = PBXFileReference; lastKnownFileType = file.storyboard; name = Base; path = Base.lproj/Main.storyboard; sourceTree = "<group>"; };
		153954381E64272B00A20FB9 /* Assets.xcassets */ = {isa = PBXFileReference; lastKnownFileType = folder.assetcatalog; path = Assets.xcassets; sourceTree = "<group>"; };
		1539543B1E64272B00A20FB9 /* Base */ = {isa = PBXFileReference; lastKnownFileType = file.storyboard; name = Base; path = Base.lproj/LaunchScreen.storyboard; sourceTree = "<group>"; };
		1539543D1E64272B00A20FB9 /* Info.plist */ = {isa = PBXFileReference; lastKnownFileType = text.plist.xml; path = Info.plist; sourceTree = "<group>"; };
		153954421E64272C00A20FB9 /* TTTests.xctest */ = {isa = PBXFileReference; explicitFileType = wrapper.cfbundle; includeInIndex = 0; path = TTTests.xctest; sourceTree = BUILT_PRODUCTS_DIR; };
		153954461E64272C00A20FB9 /* TTTests.m */ = {isa = PBXFileReference; lastKnownFileType = sourcecode.c.objc; path = TTTests.m; sourceTree = "<group>"; };
		153954481E64272C00A20FB9 /* Info.plist */ = {isa = PBXFileReference; lastKnownFileType = text.plist.xml; path = Info.plist; sourceTree = "<group>"; };
		1539544D1E64272C00A20FB9 /* TTUITests.xctest */ = {isa = PBXFileReference; explicitFileType = wrapper.cfbundle; includeInIndex = 0; path = TTUITests.xctest; sourceTree = BUILT_PRODUCTS_DIR; };
		153954511E64272C00A20FB9 /* TTUITests.m */ = {isa = PBXFileReference; lastKnownFileType = sourcecode.c.objc; path = TTUITests.m; sourceTree = "<group>"; };
		153954531E64272C00A20FB9 /* Info.plist */ = {isa = PBXFileReference; lastKnownFileType = text.plist.xml; path = Info.plist; sourceTree = "<group>"; };
		153955B91E64288600A20FB9 /* UIDevice+TTDevice.h */ = {isa = PBXFileReference; fileEncoding = 4; lastKnownFileType = sourcecode.c.h; path = "UIDevice+TTDevice.h"; sourceTree = "<group>"; };
		153955BA1E64288600A20FB9 /* UIDevice+TTDevice.m */ = {isa = PBXFileReference; fileEncoding = 4; lastKnownFileType = sourcecode.c.objc; path = "UIDevice+TTDevice.m"; sourceTree = "<group>"; };
		153955BC1E6428ED00A20FB9 /* NSDate+TTDate.h */ = {isa = PBXFileReference; fileEncoding = 4; lastKnownFileType = sourcecode.c.h; path = "NSDate+TTDate.h"; sourceTree = "<group>"; };
		153955BD1E6428ED00A20FB9 /* NSDate+TTDate.m */ = {isa = PBXFileReference; fileEncoding = 4; lastKnownFileType = sourcecode.c.objc; path = "NSDate+TTDate.m"; sourceTree = "<group>"; };
		153955BF1E64298600A20FB9 /* NSFileManager+TTFileManager.h */ = {isa = PBXFileReference; fileEncoding = 4; lastKnownFileType = sourcecode.c.h; path = "NSFileManager+TTFileManager.h"; sourceTree = "<group>"; };
		153955C01E64298600A20FB9 /* NSFileManager+TTFileManager.m */ = {isa = PBXFileReference; fileEncoding = 4; lastKnownFileType = sourcecode.c.objc; path = "NSFileManager+TTFileManager.m"; sourceTree = "<group>"; };
		153955C21E642A1A00A20FB9 /* NSString+TTString.h */ = {isa = PBXFileReference; fileEncoding = 4; lastKnownFileType = sourcecode.c.h; path = "NSString+TTString.h"; sourceTree = "<group>"; };
		153955C31E642A1A00A20FB9 /* NSString+TTString.m */ = {isa = PBXFileReference; fileEncoding = 4; lastKnownFileType = sourcecode.c.objc; path = "NSString+TTString.m"; sourceTree = "<group>"; };
		153955C51E642B2100A20FB9 /* NSUserDefaults+TTUserDefaults.h */ = {isa = PBXFileReference; fileEncoding = 4; lastKnownFileType = sourcecode.c.h; path = "NSUserDefaults+TTUserDefaults.h"; sourceTree = "<group>"; };
		153955C61E642B2100A20FB9 /* NSUserDefaults+TTUserDefaults.m */ = {isa = PBXFileReference; fileEncoding = 4; lastKnownFileType = sourcecode.c.objc; path = "NSUserDefaults+TTUserDefaults.m"; sourceTree = "<group>"; };
		153955C81E642FDA00A20FB9 /* UIView+TTSuperView.h */ = {isa = PBXFileReference; fileEncoding = 4; lastKnownFileType = sourcecode.c.h; path = "UIView+TTSuperView.h"; sourceTree = "<group>"; };
		153955C91E642FDA00A20FB9 /* UIView+TTSuperView.m */ = {isa = PBXFileReference; fileEncoding = 4; lastKnownFileType = sourcecode.c.objc; path = "UIView+TTSuperView.m"; sourceTree = "<group>"; };
		153955CD1E64308A00A20FB9 /* TTConst.h */ = {isa = PBXFileReference; fileEncoding = 4; lastKnownFileType = sourcecode.c.h; path = TTConst.h; sourceTree = "<group>"; };
		153955CE1E6431DE00A20FB9 /* UINavigationController+TTFullscreenPopGesture.h */ = {isa = PBXFileReference; fileEncoding = 4; lastKnownFileType = sourcecode.c.h; path = "UINavigationController+TTFullscreenPopGesture.h"; sourceTree = "<group>"; };
		153955CF1E6431DE00A20FB9 /* UINavigationController+TTFullscreenPopGesture.m */ = {isa = PBXFileReference; fileEncoding = 4; lastKnownFileType = sourcecode.c.objc; path = "UINavigationController+TTFullscreenPopGesture.m"; sourceTree = "<group>"; };
		153955D11E64365B00A20FB9 /* UIWindow+TTWindow.h */ = {isa = PBXFileReference; fileEncoding = 4; lastKnownFileType = sourcecode.c.h; path = "UIWindow+TTWindow.h"; sourceTree = "<group>"; };
		153955D21E64365B00A20FB9 /* UIWindow+TTWindow.m */ = {isa = PBXFileReference; fileEncoding = 4; lastKnownFileType = sourcecode.c.objc; path = "UIWindow+TTWindow.m"; sourceTree = "<group>"; };
/* End PBXFileReference section */

/* Begin PBXFrameworksBuildPhase section */
		153954261E64272B00A20FB9 /* Frameworks */ = {
			isa = PBXFrameworksBuildPhase;
			buildActionMask = 2147483647;
			files = (
			);
			runOnlyForDeploymentPostprocessing = 0;
		};
		1539543F1E64272C00A20FB9 /* Frameworks */ = {
			isa = PBXFrameworksBuildPhase;
			buildActionMask = 2147483647;
			files = (
			);
			runOnlyForDeploymentPostprocessing = 0;
		};
		1539544A1E64272C00A20FB9 /* Frameworks */ = {
			isa = PBXFrameworksBuildPhase;
			buildActionMask = 2147483647;
			files = (
			);
			runOnlyForDeploymentPostprocessing = 0;
		};
/* End PBXFrameworksBuildPhase section */

/* Begin PBXGroup section */
		153954201E64272B00A20FB9 = {
			isa = PBXGroup;
			children = (
				153955B41E6427C900A20FB9 /* TTFrameWork */,
				1539542B1E64272B00A20FB9 /* TT */,
				153954451E64272C00A20FB9 /* TTTests */,
				153954501E64272C00A20FB9 /* TTUITests */,
				1539542A1E64272B00A20FB9 /* Products */,
			);
			sourceTree = "<group>";
		};
		1539542A1E64272B00A20FB9 /* Products */ = {
			isa = PBXGroup;
			children = (
				153954291E64272B00A20FB9 /* TT.app */,
				153954421E64272C00A20FB9 /* TTTests.xctest */,
				1539544D1E64272C00A20FB9 /* TTUITests.xctest */,
			);
			name = Products;
			sourceTree = "<group>";
		};
		1539542B1E64272B00A20FB9 /* TT */ = {
			isa = PBXGroup;
			children = (
				1539542F1E64272B00A20FB9 /* AppDelegate.h */,
				153954301E64272B00A20FB9 /* AppDelegate.m */,
				153954321E64272B00A20FB9 /* ViewController.h */,
				153954331E64272B00A20FB9 /* ViewController.m */,
				153954351E64272B00A20FB9 /* Main.storyboard */,
				153954381E64272B00A20FB9 /* Assets.xcassets */,
				1539543A1E64272B00A20FB9 /* LaunchScreen.storyboard */,
				1539543D1E64272B00A20FB9 /* Info.plist */,
				1539542C1E64272B00A20FB9 /* Supporting Files */,
			);
			path = TT;
			sourceTree = "<group>";
		};
		1539542C1E64272B00A20FB9 /* Supporting Files */ = {
			isa = PBXGroup;
			children = (
				1539542D1E64272B00A20FB9 /* main.m */,
			);
			name = "Supporting Files";
			sourceTree = "<group>";
		};
		153954451E64272C00A20FB9 /* TTTests */ = {
			isa = PBXGroup;
			children = (
				153954461E64272C00A20FB9 /* TTTests.m */,
				153954481E64272C00A20FB9 /* Info.plist */,
			);
			path = TTTests;
			sourceTree = "<group>";
		};
		153954501E64272C00A20FB9 /* TTUITests */ = {
			isa = PBXGroup;
			children = (
				153954511E64272C00A20FB9 /* TTUITests.m */,
				153954531E64272C00A20FB9 /* Info.plist */,
			);
			path = TTUITests;
			sourceTree = "<group>";
		};
		153955B41E6427C900A20FB9 /* TTFrameWork */ = {
			isa = PBXGroup;
			children = (
				153955CC1E64308A00A20FB9 /* Common */,
				153955B51E6427DC00A20FB9 /* Category */,
			);
			path = TTFrameWork;
			sourceTree = "<group>";
		};
		153955B51E6427DC00A20FB9 /* Category */ = {
			isa = PBXGroup;
			children = (
				153955B91E64288600A20FB9 /* UIDevice+TTDevice.h */,
				153955BA1E64288600A20FB9 /* UIDevice+TTDevice.m */,
				153955BC1E6428ED00A20FB9 /* NSDate+TTDate.h */,
				153955BD1E6428ED00A20FB9 /* NSDate+TTDate.m */,
				153955BF1E64298600A20FB9 /* NSFileManager+TTFileManager.h */,
				153955C01E64298600A20FB9 /* NSFileManager+TTFileManager.m */,
				153955C21E642A1A00A20FB9 /* NSString+TTString.h */,
				153955C31E642A1A00A20FB9 /* NSString+TTString.m */,
				153955C51E642B2100A20FB9 /* NSUserDefaults+TTUserDefaults.h */,
				153955C61E642B2100A20FB9 /* NSUserDefaults+TTUserDefaults.m */,
				153955C81E642FDA00A20FB9 /* UIView+TTSuperView.h */,
				153955C91E642FDA00A20FB9 /* UIView+TTSuperView.m */,
				153955CE1E6431DE00A20FB9 /* UINavigationController+TTFullscreenPopGesture.h */,
				153955CF1E6431DE00A20FB9 /* UINavigationController+TTFullscreenPopGesture.m */,
				153955D11E64365B00A20FB9 /* UIWindow+TTWindow.h */,
				153955D21E64365B00A20FB9 /* UIWindow+TTWindow.m */,
			);
			path = Category;
			sourceTree = "<group>";
		};
		153955CC1E64308A00A20FB9 /* Common */ = {
			isa = PBXGroup;
			children = (
				153955CD1E64308A00A20FB9 /* TTConst.h */,
			);
			path = Common;
			sourceTree = "<group>";
		};
/* End PBXGroup section */

/* Begin PBXNativeTarget section */
		153954281E64272B00A20FB9 /* TT */ = {
			isa = PBXNativeTarget;
			buildConfigurationList = 153954561E64272C00A20FB9 /* Build configuration list for PBXNativeTarget "TT" */;
			buildPhases = (
				153954251E64272B00A20FB9 /* Sources */,
				153954261E64272B00A20FB9 /* Frameworks */,
				153954271E64272B00A20FB9 /* Resources */,
			);
			buildRules = (
			);
			dependencies = (
			);
			name = TT;
			productName = TT;
			productReference = 153954291E64272B00A20FB9 /* TT.app */;
			productType = "com.apple.product-type.application";
		};
		153954411E64272C00A20FB9 /* TTTests */ = {
			isa = PBXNativeTarget;
			buildConfigurationList = 153954591E64272C00A20FB9 /* Build configuration list for PBXNativeTarget "TTTests" */;
			buildPhases = (
				1539543E1E64272C00A20FB9 /* Sources */,
				1539543F1E64272C00A20FB9 /* Frameworks */,
				153954401E64272C00A20FB9 /* Resources */,
			);
			buildRules = (
			);
			dependencies = (
				153954441E64272C00A20FB9 /* PBXTargetDependency */,
			);
			name = TTTests;
			productName = TTTests;
			productReference = 153954421E64272C00A20FB9 /* TTTests.xctest */;
			productType = "com.apple.product-type.bundle.unit-test";
		};
		1539544C1E64272C00A20FB9 /* TTUITests */ = {
			isa = PBXNativeTarget;
			buildConfigurationList = 1539545C1E64272C00A20FB9 /* Build configuration list for PBXNativeTarget "TTUITests" */;
			buildPhases = (
				153954491E64272C00A20FB9 /* Sources */,
				1539544A1E64272C00A20FB9 /* Frameworks */,
				1539544B1E64272C00A20FB9 /* Resources */,
			);
			buildRules = (
			);
			dependencies = (
				1539544F1E64272C00A20FB9 /* PBXTargetDependency */,
			);
			name = TTUITests;
			productName = TTUITests;
			productReference = 1539544D1E64272C00A20FB9 /* TTUITests.xctest */;
			productType = "com.apple.product-type.bundle.ui-testing";
		};
/* End PBXNativeTarget section */

/* Begin PBXProject section */
		153954211E64272B00A20FB9 /* Project object */ = {
			isa = PBXProject;
			attributes = {
				LastUpgradeCheck = 0820;
				ORGANIZATIONNAME = "张福润";
				TargetAttributes = {
					153954281E64272B00A20FB9 = {
						CreatedOnToolsVersion = 8.2.1;
						ProvisioningStyle = Automatic;
					};
					153954411E64272C00A20FB9 = {
						CreatedOnToolsVersion = 8.2.1;
						ProvisioningStyle = Automatic;
						TestTargetID = 153954281E64272B00A20FB9;
					};
					1539544C1E64272C00A20FB9 = {
						CreatedOnToolsVersion = 8.2.1;
						ProvisioningStyle = Automatic;
						TestTargetID = 153954281E64272B00A20FB9;
					};
				};
			};
			buildConfigurationList = 153954241E64272B00A20FB9 /* Build configuration list for PBXProject "TT" */;
			compatibilityVersion = "Xcode 3.2";
			developmentRegion = English;
			hasScannedForEncodings = 0;
			knownRegions = (
				en,
				Base,
			);
			mainGroup = 153954201E64272B00A20FB9;
			productRefGroup = 1539542A1E64272B00A20FB9 /* Products */;
			projectDirPath = "";
			projectRoot = "";
			targets = (
				153954281E64272B00A20FB9 /* TT */,
				153954411E64272C00A20FB9 /* TTTests */,
				1539544C1E64272C00A20FB9 /* TTUITests */,
			);
		};
/* End PBXProject section */

/* Begin PBXResourcesBuildPhase section */
		153954271E64272B00A20FB9 /* Resources */ = {
			isa = PBXResourcesBuildPhase;
			buildActionMask = 2147483647;
			files = (
				1539543C1E64272B00A20FB9 /* LaunchScreen.storyboard in Resources */,
				153954391E64272B00A20FB9 /* Assets.xcassets in Resources */,
				153954371E64272B00A20FB9 /* Main.storyboard in Resources */,
			);
			runOnlyForDeploymentPostprocessing = 0;
		};
		153954401E64272C00A20FB9 /* Resources */ = {
			isa = PBXResourcesBuildPhase;
			buildActionMask = 2147483647;
			files = (
			);
			runOnlyForDeploymentPostprocessing = 0;
		};
		1539544B1E64272C00A20FB9 /* Resources */ = {
			isa = PBXResourcesBuildPhase;
			buildActionMask = 2147483647;
			files = (
			);
			runOnlyForDeploymentPostprocessing = 0;
		};
/* End PBXResourcesBuildPhase section */

/* Begin PBXSourcesBuildPhase section */
		153954251E64272B00A20FB9 /* Sources */ = {
			isa = PBXSourcesBuildPhase;
			buildActionMask = 2147483647;
			files = (
				153955CA1E642FDA00A20FB9 /* UIView+TTSuperView.m in Sources */,
				153955D31E64365B00A20FB9 /* UIWindow+TTWindow.m in Sources */,
				153955BE1E6428ED00A20FB9 /* NSDate+TTDate.m in Sources */,
				153954341E64272B00A20FB9 /* ViewController.m in Sources */,
				153955C11E64298600A20FB9 /* NSFileManager+TTFileManager.m in Sources */,
				153955BB1E64288600A20FB9 /* UIDevice+TTDevice.m in Sources */,
				153955C71E642B2100A20FB9 /* NSUserDefaults+TTUserDefaults.m in Sources */,
				153955D01E6431DE00A20FB9 /* UINavigationController+TTFullscreenPopGesture.m in Sources */,
				153954311E64272B00A20FB9 /* AppDelegate.m in Sources */,
				153955C41E642A1A00A20FB9 /* NSString+TTString.m in Sources */,
				1539542E1E64272B00A20FB9 /* main.m in Sources */,
			);
			runOnlyForDeploymentPostprocessing = 0;
		};
		1539543E1E64272C00A20FB9 /* Sources */ = {
			isa = PBXSourcesBuildPhase;
			buildActionMask = 2147483647;
			files = (
				153954471E64272C00A20FB9 /* TTTests.m in Sources */,
			);
			runOnlyForDeploymentPostprocessing = 0;
		};
		153954491E64272C00A20FB9 /* Sources */ = {
			isa = PBXSourcesBuildPhase;
			buildActionMask = 2147483647;
			files = (
				153954521E64272C00A20FB9 /* TTUITests.m in Sources */,
			);
			runOnlyForDeploymentPostprocessing = 0;
		};
/* End PBXSourcesBuildPhase section */

/* Begin PBXTargetDependency section */
		153954441E64272C00A20FB9 /* PBXTargetDependency */ = {
			isa = PBXTargetDependency;
			target = 153954281E64272B00A20FB9 /* TT */;
			targetProxy = 153954431E64272C00A20FB9 /* PBXContainerItemProxy */;
		};
		1539544F1E64272C00A20FB9 /* PBXTargetDependency */ = {
			isa = PBXTargetDependency;
			target = 153954281E64272B00A20FB9 /* TT */;
			targetProxy = 1539544E1E64272C00A20FB9 /* PBXContainerItemProxy */;
		};
/* End PBXTargetDependency section */

/* Begin PBXVariantGroup section */
		153954351E64272B00A20FB9 /* Main.storyboard */ = {
			isa = PBXVariantGroup;
			children = (
				153954361E64272B00A20FB9 /* Base */,
			);
			name = Main.storyboard;
			sourceTree = "<group>";
		};
		1539543A1E64272B00A20FB9 /* LaunchScreen.storyboard */ = {
			isa = PBXVariantGroup;
			children = (
				1539543B1E64272B00A20FB9 /* Base */,
			);
			name = LaunchScreen.storyboard;
			sourceTree = "<group>";
		};
/* End PBXVariantGroup section */

/* Begin XCBuildConfiguration section */
		153954541E64272C00A20FB9 /* Debug */ = {
			isa = XCBuildConfiguration;
			buildSettings = {
				ALWAYS_SEARCH_USER_PATHS = NO;
				CLANG_ANALYZER_NONNULL = YES;
				CLANG_CXX_LANGUAGE_STANDARD = "gnu++0x";
				CLANG_CXX_LIBRARY = "libc++";
				CLANG_ENABLE_MODULES = YES;
				CLANG_ENABLE_OBJC_ARC = YES;
				CLANG_WARN_BOOL_CONVERSION = YES;
				CLANG_WARN_CONSTANT_CONVERSION = YES;
				CLANG_WARN_DIRECT_OBJC_ISA_USAGE = YES_ERROR;
				CLANG_WARN_DOCUMENTATION_COMMENTS = YES;
				CLANG_WARN_EMPTY_BODY = YES;
				CLANG_WARN_ENUM_CONVERSION = YES;
				CLANG_WARN_INFINITE_RECURSION = YES;
				CLANG_WARN_INT_CONVERSION = YES;
				CLANG_WARN_OBJC_ROOT_CLASS = YES_ERROR;
				CLANG_WARN_SUSPICIOUS_MOVE = YES;
				CLANG_WARN_UNREACHABLE_CODE = YES;
				CLANG_WARN__DUPLICATE_METHOD_MATCH = YES;
				"CODE_SIGN_IDENTITY[sdk=iphoneos*]" = "iPhone Developer";
				COPY_PHASE_STRIP = NO;
				DEBUG_INFORMATION_FORMAT = dwarf;
				ENABLE_STRICT_OBJC_MSGSEND = YES;
				ENABLE_TESTABILITY = YES;
				GCC_C_LANGUAGE_STANDARD = gnu99;
				GCC_DYNAMIC_NO_PIC = NO;
				GCC_NO_COMMON_BLOCKS = YES;
				GCC_OPTIMIZATION_LEVEL = 0;
				GCC_PREPROCESSOR_DEFINITIONS = (
					"DEBUG=1",
					"$(inherited)",
				);
				GCC_WARN_64_TO_32_BIT_CONVERSION = YES;
				GCC_WARN_ABOUT_RETURN_TYPE = YES_ERROR;
				GCC_WARN_UNDECLARED_SELECTOR = YES;
				GCC_WARN_UNINITIALIZED_AUTOS = YES_AGGRESSIVE;
				GCC_WARN_UNUSED_FUNCTION = YES;
				GCC_WARN_UNUSED_VARIABLE = YES;
				IPHONEOS_DEPLOYMENT_TARGET = 10.2;
				MTL_ENABLE_DEBUG_INFO = YES;
				ONLY_ACTIVE_ARCH = YES;
				SDKROOT = iphoneos;
				TARGETED_DEVICE_FAMILY = "1,2";
			};
			name = Debug;
		};
		153954551E64272C00A20FB9 /* Release */ = {
			isa = XCBuildConfiguration;
			buildSettings = {
				ALWAYS_SEARCH_USER_PATHS = NO;
				CLANG_ANALYZER_NONNULL = YES;
				CLANG_CXX_LANGUAGE_STANDARD = "gnu++0x";
				CLANG_CXX_LIBRARY = "libc++";
				CLANG_ENABLE_MODULES = YES;
				CLANG_ENABLE_OBJC_ARC = YES;
				CLANG_WARN_BOOL_CONVERSION = YES;
				CLANG_WARN_CONSTANT_CONVERSION = YES;
				CLANG_WARN_DIRECT_OBJC_ISA_USAGE = YES_ERROR;
				CLANG_WARN_DOCUMENTATION_COMMENTS = YES;
				CLANG_WARN_EMPTY_BODY = YES;
				CLANG_WARN_ENUM_CONVERSION = YES;
				CLANG_WARN_INFINITE_RECURSION = YES;
				CLANG_WARN_INT_CONVERSION = YES;
				CLANG_WARN_OBJC_ROOT_CLASS = YES_ERROR;
				CLANG_WARN_SUSPICIOUS_MOVE = YES;
				CLANG_WARN_UNREACHABLE_CODE = YES;
				CLANG_WARN__DUPLICATE_METHOD_MATCH = YES;
				"CODE_SIGN_IDENTITY[sdk=iphoneos*]" = "iPhone Developer";
				COPY_PHASE_STRIP = NO;
				DEBUG_INFORMATION_FORMAT = "dwarf-with-dsym";
				ENABLE_NS_ASSERTIONS = NO;
				ENABLE_STRICT_OBJC_MSGSEND = YES;
				GCC_C_LANGUAGE_STANDARD = gnu99;
				GCC_NO_COMMON_BLOCKS = YES;
				GCC_WARN_64_TO_32_BIT_CONVERSION = YES;
				GCC_WARN_ABOUT_RETURN_TYPE = YES_ERROR;
				GCC_WARN_UNDECLARED_SELECTOR = YES;
				GCC_WARN_UNINITIALIZED_AUTOS = YES_AGGRESSIVE;
				GCC_WARN_UNUSED_FUNCTION = YES;
				GCC_WARN_UNUSED_VARIABLE = YES;
				IPHONEOS_DEPLOYMENT_TARGET = 10.2;
				MTL_ENABLE_DEBUG_INFO = NO;
				SDKROOT = iphoneos;
				TARGETED_DEVICE_FAMILY = "1,2";
				VALIDATE_PRODUCT = YES;
			};
			name = Release;
		};
		153954571E64272C00A20FB9 /* Debug */ = {
			isa = XCBuildConfiguration;
			buildSettings = {
				ASSETCATALOG_COMPILER_APPICON_NAME = AppIcon;
				FRAMEWORK_SEARCH_PATHS = (
					"$(inherited)",
					"$(PROJECT_DIR)/TTFrameWork/ShareKit/TencentCenter/SDK_2_9_3",
				);
				INFOPLIST_FILE = TT/Info.plist;
				LD_RUNPATH_SEARCH_PATHS = "$(inherited) @executable_path/Frameworks";
				LIBRARY_SEARCH_PATHS = (
					"$(inherited)",
					"$(PROJECT_DIR)/TTFrameWork/ShareKit/SinaCenter/SDK_3_1_1",
					"$(PROJECT_DIR)/TTFrameWork/ShareKit/WeChatCenter/SDK_1_6_2",
				);
				PRODUCT_BUNDLE_IDENTIFIER = com.zhangfurun.TT;
				PRODUCT_NAME = "$(TARGET_NAME)";
			};
			name = Debug;
		};
		153954581E64272C00A20FB9 /* Release */ = {
			isa = XCBuildConfiguration;
			buildSettings = {
				ASSETCATALOG_COMPILER_APPICON_NAME = AppIcon;
				FRAMEWORK_SEARCH_PATHS = (
					"$(inherited)",
					"$(PROJECT_DIR)/TTFrameWork/ShareKit/TencentCenter/SDK_2_9_3",
				);
				INFOPLIST_FILE = TT/Info.plist;
				LD_RUNPATH_SEARCH_PATHS = "$(inherited) @executable_path/Frameworks";
				LIBRARY_SEARCH_PATHS = (
					"$(inherited)",
					"$(PROJECT_DIR)/TTFrameWork/ShareKit/SinaCenter/SDK_3_1_1",
					"$(PROJECT_DIR)/TTFrameWork/ShareKit/WeChatCenter/SDK_1_6_2",
				);
				PRODUCT_BUNDLE_IDENTIFIER = com.zhangfurun.TT;
				PRODUCT_NAME = "$(TARGET_NAME)";
			};
			name = Release;
		};
		1539545A1E64272C00A20FB9 /* Debug */ = {
			isa = XCBuildConfiguration;
			buildSettings = {
				BUNDLE_LOADER = "$(TEST_HOST)";
				INFOPLIST_FILE = TTTests/Info.plist;
				LD_RUNPATH_SEARCH_PATHS = "$(inherited) @executable_path/Frameworks @loader_path/Frameworks";
				PRODUCT_BUNDLE_IDENTIFIER = com.zhangfurun.TTTests;
				PRODUCT_NAME = "$(TARGET_NAME)";
				TEST_HOST = "$(BUILT_PRODUCTS_DIR)/TT.app/TT";
			};
			name = Debug;
		};
		1539545B1E64272C00A20FB9 /* Release */ = {
			isa = XCBuildConfiguration;
			buildSettings = {
				BUNDLE_LOADER = "$(TEST_HOST)";
				INFOPLIST_FILE = TTTests/Info.plist;
				LD_RUNPATH_SEARCH_PATHS = "$(inherited) @executable_path/Frameworks @loader_path/Frameworks";
				PRODUCT_BUNDLE_IDENTIFIER = com.zhangfurun.TTTests;
				PRODUCT_NAME = "$(TARGET_NAME)";
				TEST_HOST = "$(BUILT_PRODUCTS_DIR)/TT.app/TT";
			};
			name = Release;
		};
		1539545D1E64272C00A20FB9 /* Debug */ = {
			isa = XCBuildConfiguration;
			buildSettings = {
				INFOPLIST_FILE = TTUITests/Info.plist;
				LD_RUNPATH_SEARCH_PATHS = "$(inherited) @executable_path/Frameworks @loader_path/Frameworks";
				PRODUCT_BUNDLE_IDENTIFIER = com.zhangfurun.TTUITests;
				PRODUCT_NAME = "$(TARGET_NAME)";
				TEST_TARGET_NAME = TT;
			};
			name = Debug;
		};
		1539545E1E64272C00A20FB9 /* Release */ = {
			isa = XCBuildConfiguration;
			buildSettings = {
				INFOPLIST_FILE = TTUITests/Info.plist;
				LD_RUNPATH_SEARCH_PATHS = "$(inherited) @executable_path/Frameworks @loader_path/Frameworks";
				PRODUCT_BUNDLE_IDENTIFIER = com.zhangfurun.TTUITests;
				PRODUCT_NAME = "$(TARGET_NAME)";
				TEST_TARGET_NAME = TT;
			};
			name = Release;
		};
/* End XCBuildConfiguration section */

/* Begin XCConfigurationList section */
		153954241E64272B00A20FB9 /* Build configuration list for PBXProject "TT" */ = {
			isa = XCConfigurationList;
			buildConfigurations = (
				153954541E64272C00A20FB9 /* Debug */,
				153954551E64272C00A20FB9 /* Release */,
			);
			defaultConfigurationIsVisible = 0;
			defaultConfigurationName = Release;
		};
		153954561E64272C00A20FB9 /* Build configuration list for PBXNativeTarget "TT" */ = {
			isa = XCConfigurationList;
			buildConfigurations = (
				153954571E64272C00A20FB9 /* Debug */,
				153954581E64272C00A20FB9 /* Release */,
			);
			defaultConfigurationIsVisible = 0;
		};
		153954591E64272C00A20FB9 /* Build configuration list for PBXNativeTarget "TTTests" */ = {
			isa = XCConfigurationList;
			buildConfigurations = (
				1539545A1E64272C00A20FB9 /* Debug */,
				1539545B1E64272C00A20FB9 /* Release */,
			);
			defaultConfigurationIsVisible = 0;
		};
		1539545C1E64272C00A20FB9 /* Build configuration list for PBXNativeTarget "TTUITests" */ = {
			isa = XCConfigurationList;
			buildConfigurations = (
				1539545D1E64272C00A20FB9 /* Debug */,
				1539545E1E64272C00A20FB9 /* Release */,
			);
			defaultConfigurationIsVisible = 0;
		};
/* End XCConfigurationList section */
	};
	rootObject = 153954211E64272B00A20FB9 /* Project object */;
}
