// !$*UTF8*$!
{
	archiveVersion = 1;
	classes = {
	};
	objectVersion = 46;
	objects = {

/* Begin PBXBuildFile section */
		1539542E1E64272B00A20FB9 /* main.m in Sources */ = {isa = PBXBuildFile; fileRef = 1539542D1E64272B00A20FB9 /* main.m */; };
		153954311E64272B00A20FB9 /* AppDelegate.m in Sources */ = {isa = PBXBuildFile; fileRef = 153954301E64272B00A20FB9 /* AppDelegate.m */; };
		153954341E64272B00A20FB9 /* ViewController.m in Sources */ = {isa = PBXBuildFile; fileRef = 153954331E64272B00A20FB9 /* ViewController.m */; };
		153954371E64272B00A20FB9 /* Main.storyboard in Resources */ = {isa = PBXBuildFile; fileRef = 153954351E64272B00A20FB9 /* Main.storyboard */; };
		153954391E64272B00A20FB9 /* Assets.xcassets in Resources */ = {isa = PBXBuildFile; fileRef = 153954381E64272B00A20FB9 /* Assets.xcassets */; };
		1539543C1E64272B00A20FB9 /* LaunchScreen.storyboard in Resources */ = {isa = PBXBuildFile; fileRef = 1539543A1E64272B00A20FB9 /* LaunchScreen.storyboard */; };
		153954471E64272C00A20FB9 /* TTTests.m in Sources */ = {isa = PBXBuildFile; fileRef = 153954461E64272C00A20FB9 /* TTTests.m */; };
		153954521E64272C00A20FB9 /* TTUITests.m in Sources */ = {isa = PBXBuildFile; fileRef = 153954511E64272C00A20FB9 /* TTUITests.m */; };
		153955BB1E64288600A20FB9 /* UIDevice+TTDevice.m in Sources */ = {isa = PBXBuildFile; fileRef = 153955BA1E64288600A20FB9 /* UIDevice+TTDevice.m */; };
		153955BE1E6428ED00A20FB9 /* NSDate+TTDate.m in Sources */ = {isa = PBXBuildFile; fileRef = 153955BD1E6428ED00A20FB9 /* NSDate+TTDate.m */; };
		153955C11E64298600A20FB9 /* NSFileManager+TTFileManager.m in Sources */ = {isa = PBXBuildFile; fileRef = 153955C01E64298600A20FB9 /* NSFileManager+TTFileManager.m */; };
		153955C41E642A1A00A20FB9 /* NSString+TTString.m in Sources */ = {isa = PBXBuildFile; fileRef = 153955C31E642A1A00A20FB9 /* NSString+TTString.m */; };
		153955C71E642B2100A20FB9 /* NSUserDefaults+TTUserDefaults.m in Sources */ = {isa = PBXBuildFile; fileRef = 153955C61E642B2100A20FB9 /* NSUserDefaults+TTUserDefaults.m */; };
		153955CA1E642FDA00A20FB9 /* UIView+TTSuperView.m in Sources */ = {isa = PBXBuildFile; fileRef = 153955C91E642FDA00A20FB9 /* UIView+TTSuperView.m */; };
		153955D01E6431DE00A20FB9 /* UINavigationController+TTFullscreenPopGesture.m in Sources */ = {isa = PBXBuildFile; fileRef = 153955CF1E6431DE00A20FB9 /* UINavigationController+TTFullscreenPopGesture.m */; };
		153955D31E64365B00A20FB9 /* UIWindow+TTWindow.m in Sources */ = {isa = PBXBuildFile; fileRef = 153955D21E64365B00A20FB9 /* UIWindow+TTWindow.m */; };
		153955D61E643BF900A20FB9 /* NSBundle+TTBundle.m in Sources */ = {isa = PBXBuildFile; fileRef = 153955D51E643BF900A20FB9 /* NSBundle+TTBundle.m */; };
		15A0D8731E816283003A109E /* TTAnnotation.strings in Resources */ = {isa = PBXBuildFile; fileRef = 15A0D8721E816283003A109E /* TTAnnotation.strings */; };
		15A0D8AC1E8162D2003A109E /* MKAnnotationView+WebCache.m in Sources */ = {isa = PBXBuildFile; fileRef = 15A0D8781E8162D2003A109E /* MKAnnotationView+WebCache.m */; };
		15A0D8AD1E8162D2003A109E /* NSData+ImageContentType.m in Sources */ = {isa = PBXBuildFile; fileRef = 15A0D87A1E8162D2003A109E /* NSData+ImageContentType.m */; };
		15A0D8AE1E8162D2003A109E /* NSImage+WebCache.m in Sources */ = {isa = PBXBuildFile; fileRef = 15A0D87C1E8162D2003A109E /* NSImage+WebCache.m */; };
		15A0D8AF1E8162D2003A109E /* SDImageCache.m in Sources */ = {isa = PBXBuildFile; fileRef = 15A0D87E1E8162D2003A109E /* SDImageCache.m */; };
		15A0D8B01E8162D2003A109E /* SDImageCacheConfig.m in Sources */ = {isa = PBXBuildFile; fileRef = 15A0D8801E8162D2003A109E /* SDImageCacheConfig.m */; };
		15A0D8B11E8162D2003A109E /* SDWebImageCompat.m in Sources */ = {isa = PBXBuildFile; fileRef = 15A0D8821E8162D2003A109E /* SDWebImageCompat.m */; };
		15A0D8B21E8162D2003A109E /* SDWebImageDecoder.m in Sources */ = {isa = PBXBuildFile; fileRef = 15A0D8841E8162D2003A109E /* SDWebImageDecoder.m */; };
		15A0D8B31E8162D2003A109E /* SDWebImageDownloader.m in Sources */ = {isa = PBXBuildFile; fileRef = 15A0D8861E8162D2003A109E /* SDWebImageDownloader.m */; };
		15A0D8B41E8162D2003A109E /* SDWebImageDownloaderOperation.m in Sources */ = {isa = PBXBuildFile; fileRef = 15A0D8881E8162D2003A109E /* SDWebImageDownloaderOperation.m */; };
		15A0D8B51E8162D2003A109E /* SDWebImageManager.m in Sources */ = {isa = PBXBuildFile; fileRef = 15A0D88A1E8162D2003A109E /* SDWebImageManager.m */; };
		15A0D8B61E8162D2003A109E /* SDWebImagePrefetcher.m in Sources */ = {isa = PBXBuildFile; fileRef = 15A0D88D1E8162D2003A109E /* SDWebImagePrefetcher.m */; };
		15A0D8B71E8162D2003A109E /* UIButton+WebCache.m in Sources */ = {isa = PBXBuildFile; fileRef = 15A0D88F1E8162D2003A109E /* UIButton+WebCache.m */; };
		15A0D8B81E8162D2003A109E /* UIImage+GIF.m in Sources */ = {isa = PBXBuildFile; fileRef = 15A0D8911E8162D2003A109E /* UIImage+GIF.m */; };
		15A0D8B91E8162D2003A109E /* UIImage+MultiFormat.m in Sources */ = {isa = PBXBuildFile; fileRef = 15A0D8931E8162D2003A109E /* UIImage+MultiFormat.m */; };
		15A0D8BA1E8162D2003A109E /* UIImage+WebP.m in Sources */ = {isa = PBXBuildFile; fileRef = 15A0D8951E8162D2003A109E /* UIImage+WebP.m */; };
		15A0D8BB1E8162D2003A109E /* UIImageView+HighlightedWebCache.m in Sources */ = {isa = PBXBuildFile; fileRef = 15A0D8971E8162D2003A109E /* UIImageView+HighlightedWebCache.m */; };
		15A0D8BC1E8162D2003A109E /* UIImageView+WebCache.m in Sources */ = {isa = PBXBuildFile; fileRef = 15A0D8991E8162D2003A109E /* UIImageView+WebCache.m */; };
		15A0D8BD1E8162D2003A109E /* UIView+WebCache.m in Sources */ = {isa = PBXBuildFile; fileRef = 15A0D89B1E8162D2003A109E /* UIView+WebCache.m */; };
		15A0D8BE1E8162D2003A109E /* UIView+WebCacheOperation.m in Sources */ = {isa = PBXBuildFile; fileRef = 15A0D89D1E8162D2003A109E /* UIView+WebCacheOperation.m */; };
		15A0D8BF1E8162D2003A109E /* TTAudioTool.m in Sources */ = {isa = PBXBuildFile; fileRef = 15A0D8A01E8162D2003A109E /* TTAudioTool.m */; };
		15A0D8C01E8162D2003A109E /* TTBinaryData.m in Sources */ = {isa = PBXBuildFile; fileRef = 15A0D8A21E8162D2003A109E /* TTBinaryData.m */; };
		15A0D8C11E8162D2003A109E /* TTKit.m in Sources */ = {isa = PBXBuildFile; fileRef = 15A0D8A41E8162D2003A109E /* TTKit.m */; };
		15A0D8C21E8162D2003A109E /* TTManager.m in Sources */ = {isa = PBXBuildFile; fileRef = 15A0D8A61E8162D2003A109E /* TTManager.m */; };
		15A0D8E31E81681F003A109E /* MJDictionaryCache.m in Sources */ = {isa = PBXBuildFile; fileRef = 15A0D8C91E81681F003A109E /* MJDictionaryCache.m */; };
		15A0D8E41E81681F003A109E /* MJExtensionConst.m in Sources */ = {isa = PBXBuildFile; fileRef = 15A0D8CC1E81681F003A109E /* MJExtensionConst.m */; };
		15A0D8E51E81681F003A109E /* MJFoundation.m in Sources */ = {isa = PBXBuildFile; fileRef = 15A0D8CE1E81681F003A109E /* MJFoundation.m */; };
		15A0D8E61E81681F003A109E /* MJProperty.m in Sources */ = {isa = PBXBuildFile; fileRef = 15A0D8D01E81681F003A109E /* MJProperty.m */; };
		15A0D8E71E81681F003A109E /* MJPropertyKey.m in Sources */ = {isa = PBXBuildFile; fileRef = 15A0D8D21E81681F003A109E /* MJPropertyKey.m */; };
		15A0D8E81E81681F003A109E /* MJPropertyType.m in Sources */ = {isa = PBXBuildFile; fileRef = 15A0D8D41E81681F003A109E /* MJPropertyType.m */; };
		15A0D8E91E81681F003A109E /* NSObject+MJClass.m in Sources */ = {isa = PBXBuildFile; fileRef = 15A0D8D61E81681F003A109E /* NSObject+MJClass.m */; };
		15A0D8EA1E81681F003A109E /* NSObject+MJCoding.m in Sources */ = {isa = PBXBuildFile; fileRef = 15A0D8D81E81681F003A109E /* NSObject+MJCoding.m */; };
		15A0D8EB1E81681F003A109E /* NSObject+MJKeyValue.m in Sources */ = {isa = PBXBuildFile; fileRef = 15A0D8DA1E81681F003A109E /* NSObject+MJKeyValue.m */; };
		15A0D8EC1E81681F003A109E /* NSObject+MJProperty.m in Sources */ = {isa = PBXBuildFile; fileRef = 15A0D8DC1E81681F003A109E /* NSObject+MJProperty.m */; };
		15A0D8ED1E81681F003A109E /* NSString+MJExtension.m in Sources */ = {isa = PBXBuildFile; fileRef = 15A0D8DE1E81681F003A109E /* NSString+MJExtension.m */; };
		15A0D8EE1E81681F003A109E /* TTBaseModel.m in Sources */ = {isa = PBXBuildFile; fileRef = 15A0D8E01E81681F003A109E /* TTBaseModel.m */; };
		15A0D8EF1E81681F003A109E /* TTShareUser.m in Sources */ = {isa = PBXBuildFile; fileRef = 15A0D8E21E81681F003A109E /* TTShareUser.m */; };
		15A0D9281E8169A9003A109E /* SystemConfiguration.framework in Frameworks */ = {isa = PBXBuildFile; fileRef = 15A0D9271E8169A9003A109E /* SystemConfiguration.framework */; };
		15A0D92A1E8169B2003A109E /* libz.1.2.8.tbd in Frameworks */ = {isa = PBXBuildFile; fileRef = 15A0D9291E8169B2003A109E /* libz.1.2.8.tbd */; };
		15A0D92C1E8169B8003A109E /* libsqlite3.0.tbd in Frameworks */ = {isa = PBXBuildFile; fileRef = 15A0D92B1E8169B8003A109E /* libsqlite3.0.tbd */; };
		15A0D92E1E8169BF003A109E /* libc++.1.tbd in Frameworks */ = {isa = PBXBuildFile; fileRef = 15A0D92D1E8169BF003A109E /* libc++.1.tbd */; };
		15A0D9301E8169C7003A109E /* Security.framework in Frameworks */ = {isa = PBXBuildFile; fileRef = 15A0D92F1E8169C7003A109E /* Security.framework */; };
		15A0D9321E8169DF003A109E /* CoreTelephony.framework in Frameworks */ = {isa = PBXBuildFile; fileRef = 15A0D9311E8169DF003A109E /* CoreTelephony.framework */; };
		15A0D9341E8169E5003A109E /* CFNetwork.framework in Frameworks */ = {isa = PBXBuildFile; fileRef = 15A0D9331E8169E5003A109E /* CFNetwork.framework */; };
		15A0D9361E816A3E003A109E /* libc++.tbd in Frameworks */ = {isa = PBXBuildFile; fileRef = 15A0D9351E816A3E003A109E /* libc++.tbd */; };
		15A0D9621E816B26003A109E /* ShareContentInfo.m in Sources */ = {isa = PBXBuildFile; fileRef = 15A0D93B1E816B26003A109E /* ShareContentInfo.m */; };
		15A0D9641E816B26003A109E /* WeiboSDK.bundle in Resources */ = {isa = PBXBuildFile; fileRef = 15A0D9471E816B26003A109E /* WeiboSDK.bundle */; };
		15A0D9651E816B26003A109E /* SinaAuthRequest.m in Sources */ = {isa = PBXBuildFile; fileRef = 15A0D94B1E816B26003A109E /* SinaAuthRequest.m */; };
		15A0D9661E816B26003A109E /* TTSinaCenter.m in Sources */ = {isa = PBXBuildFile; fileRef = 15A0D94D1E816B26003A109E /* TTSinaCenter.m */; };
		15A0D9681E816B26003A109E /* TencentOpenApi_IOS_Bundle.bundle in Resources */ = {isa = PBXBuildFile; fileRef = 15A0D9511E816B26003A109E /* TencentOpenApi_IOS_Bundle.bundle */; };
		15A0D9691E816B26003A109E /* TTTencentCenter.m in Sources */ = {isa = PBXBuildFile; fileRef = 15A0D9531E816B26003A109E /* TTTencentCenter.m */; };
		15A0D96A1E816B26003A109E /* TTAuthInfo.m in Sources */ = {isa = PBXBuildFile; fileRef = 15A0D9551E816B26003A109E /* TTAuthInfo.m */; };
		15A0D96B1E816B26003A109E /* TTBaseShareCenter.m in Sources */ = {isa = PBXBuildFile; fileRef = 15A0D9571E816B26003A109E /* TTBaseShareCenter.m */; };
		15A0D96D1E816B26003A109E /* TTWeChatCenter.m in Sources */ = {isa = PBXBuildFile; fileRef = 15A0D95F1E816B26003A109E /* TTWeChatCenter.m */; };
		15A0D96E1E816B26003A109E /* WXAuthRequest.m in Sources */ = {isa = PBXBuildFile; fileRef = 15A0D9611E816B26003A109E /* WXAuthRequest.m */; };
		15A0D96F1E816D93003A109E /* libWeiboSDK.a in Frameworks */ = {isa = PBXBuildFile; fileRef = 15A0D93E1E816B26003A109E /* libWeiboSDK.a */; };
		15A0D9711E816DA1003A109E /* TencentOpenAPI.framework in Frameworks */ = {isa = PBXBuildFile; fileRef = 15A0D9501E816B26003A109E /* TencentOpenAPI.framework */; };
		15A0D9721E816DAA003A109E /* libWeChatSDK.a in Frameworks */ = {isa = PBXBuildFile; fileRef = 15A0D95A1E816B26003A109E /* libWeChatSDK.a */; };
		15C7BF231E6907BA001636DA /* MBProgressHUD.m in Sources */ = {isa = PBXBuildFile; fileRef = 15C7BF221E6907BA001636DA /* MBProgressHUD.m */; };
		15C7BF261E690831001636DA /* TTHUDMessage.m in Sources */ = {isa = PBXBuildFile; fileRef = 15C7BF251E690831001636DA /* TTHUDMessage.m */; };
		2DEEE8CD1E73D4E20089CE1F /* TTBaseRequest.m in Sources */ = {isa = PBXBuildFile; fileRef = 2DEEE8CC1E73D4E20089CE1F /* TTBaseRequest.m */; };
		2DEEE9021E73DCA00089CE1F /* hud_completed.png in Resources */ = {isa = PBXBuildFile; fileRef = 2DEEE8F51E73DCA00089CE1F /* hud_completed.png */; };
		2DEEE9031E73DCA00089CE1F /* hud_completed@2x.png in Resources */ = {isa = PBXBuildFile; fileRef = 2DEEE8F61E73DCA00089CE1F /* hud_completed@2x.png */; };
		2DEEE9041E73DCA00089CE1F /* hud_error.png in Resources */ = {isa = PBXBuildFile; fileRef = 2DEEE8F71E73DCA00089CE1F /* hud_error.png */; };
		2DEEE9051E73DCA00089CE1F /* hud_error@2x.png in Resources */ = {isa = PBXBuildFile; fileRef = 2DEEE8F81E73DCA00089CE1F /* hud_error@2x.png */; };
		2DEEE9061E73DCA00089CE1F /* hud_info.png in Resources */ = {isa = PBXBuildFile; fileRef = 2DEEE8F91E73DCA00089CE1F /* hud_info.png */; };
		2DEEE9071E73DCA00089CE1F /* hud_info@2x.png in Resources */ = {isa = PBXBuildFile; fileRef = 2DEEE8FA1E73DCA00089CE1F /* hud_info@2x.png */; };
		2DEEE9081E73DCA00089CE1F /* ratingbar_bgstar.png in Resources */ = {isa = PBXBuildFile; fileRef = 2DEEE8FC1E73DCA00089CE1F /* ratingbar_bgstar.png */; };
		2DEEE9091E73DCA00089CE1F /* ratingbar_fgstar.png in Resources */ = {isa = PBXBuildFile; fileRef = 2DEEE8FD1E73DCA00089CE1F /* ratingbar_fgstar.png */; };
		2DEEE90A1E73DCA00089CE1F /* refresh_header_loading.png in Resources */ = {isa = PBXBuildFile; fileRef = 2DEEE8FF1E73DCA00089CE1F /* refresh_header_loading.png */; };
		2DEEE90B1E73DCA00089CE1F /* autoResizeAllImage.js in Resources */ = {isa = PBXBuildFile; fileRef = 2DEEE9011E73DCA00089CE1F /* autoResizeAllImage.js */; };
		2DEEE9211E73DCF10089CE1F /* AFHTTPRequestOperation.m in Sources */ = {isa = PBXBuildFile; fileRef = 2DEEE90F1E73DCF10089CE1F /* AFHTTPRequestOperation.m */; };
		2DEEE9221E73DCF10089CE1F /* AFHTTPRequestOperationManager.m in Sources */ = {isa = PBXBuildFile; fileRef = 2DEEE9111E73DCF10089CE1F /* AFHTTPRequestOperationManager.m */; };
		2DEEE9231E73DCF10089CE1F /* AFHTTPSessionManager.m in Sources */ = {isa = PBXBuildFile; fileRef = 2DEEE9131E73DCF10089CE1F /* AFHTTPSessionManager.m */; };
		2DEEE9241E73DCF10089CE1F /* AFNetworkReachabilityManager.m in Sources */ = {isa = PBXBuildFile; fileRef = 2DEEE9161E73DCF10089CE1F /* AFNetworkReachabilityManager.m */; };
		2DEEE9251E73DCF10089CE1F /* AFSecurityPolicy.m in Sources */ = {isa = PBXBuildFile; fileRef = 2DEEE9181E73DCF10089CE1F /* AFSecurityPolicy.m */; };
		2DEEE9261E73DCF10089CE1F /* AFURLConnectionOperation.m in Sources */ = {isa = PBXBuildFile; fileRef = 2DEEE91A1E73DCF10089CE1F /* AFURLConnectionOperation.m */; };
		2DEEE9271E73DCF10089CE1F /* AFURLRequestSerialization.m in Sources */ = {isa = PBXBuildFile; fileRef = 2DEEE91C1E73DCF10089CE1F /* AFURLRequestSerialization.m */; };
		2DEEE9281E73DCF10089CE1F /* AFURLResponseSerialization.m in Sources */ = {isa = PBXBuildFile; fileRef = 2DEEE91E1E73DCF10089CE1F /* AFURLResponseSerialization.m */; };
		2DEEE9291E73DCF10089CE1F /* AFURLSessionManager.m in Sources */ = {isa = PBXBuildFile; fileRef = 2DEEE9201E73DCF10089CE1F /* AFURLSessionManager.m */; };
		2DEEE92C1E73E76C0089CE1F /* TTRequest.m in Sources */ = {isa = PBXBuildFile; fileRef = 2DEEE92B1E73E76C0089CE1F /* TTRequest.m */; };
/* End PBXBuildFile section */

/* Begin PBXContainerItemProxy section */
		153954431E64272C00A20FB9 /* PBXContainerItemProxy */ = {
			isa = PBXContainerItemProxy;
			containerPortal = 153954211E64272B00A20FB9 /* Project object */;
			proxyType = 1;
			remoteGlobalIDString = 153954281E64272B00A20FB9;
			remoteInfo = TT;
		};
		1539544E1E64272C00A20FB9 /* PBXContainerItemProxy */ = {
			isa = PBXContainerItemProxy;
			containerPortal = 153954211E64272B00A20FB9 /* Project object */;
			proxyType = 1;
			remoteGlobalIDString = 153954281E64272B00A20FB9;
			remoteInfo = TT;
		};
/* End PBXContainerItemProxy section */

/* Begin PBXFileReference section */
		153954291E64272B00A20FB9 /* TT.app */ = {isa = PBXFileReference; explicitFileType = wrapper.application; includeInIndex = 0; path = TT.app; sourceTree = BUILT_PRODUCTS_DIR; };
		1539542D1E64272B00A20FB9 /* main.m */ = {isa = PBXFileReference; lastKnownFileType = sourcecode.c.objc; path = main.m; sourceTree = "<group>"; };
		1539542F1E64272B00A20FB9 /* AppDelegate.h */ = {isa = PBXFileReference; lastKnownFileType = sourcecode.c.h; path = AppDelegate.h; sourceTree = "<group>"; };
		153954301E64272B00A20FB9 /* AppDelegate.m */ = {isa = PBXFileReference; lastKnownFileType = sourcecode.c.objc; path = AppDelegate.m; sourceTree = "<group>"; };
		153954321E64272B00A20FB9 /* ViewController.h */ = {isa = PBXFileReference; lastKnownFileType = sourcecode.c.h; path = ViewController.h; sourceTree = "<group>"; };
		153954331E64272B00A20FB9 /* ViewController.m */ = {isa = PBXFileReference; lastKnownFileType = sourcecode.c.objc; path = ViewController.m; sourceTree = "<group>"; };
		153954361E64272B00A20FB9 /* Base */ = {isa = PBXFileReference; lastKnownFileType = file.storyboard; name = Base; path = Base.lproj/Main.storyboard; sourceTree = "<group>"; };
		153954381E64272B00A20FB9 /* Assets.xcassets */ = {isa = PBXFileReference; lastKnownFileType = folder.assetcatalog; path = Assets.xcassets; sourceTree = "<group>"; };
		1539543B1E64272B00A20FB9 /* Base */ = {isa = PBXFileReference; lastKnownFileType = file.storyboard; name = Base; path = Base.lproj/LaunchScreen.storyboard; sourceTree = "<group>"; };
		1539543D1E64272B00A20FB9 /* Info.plist */ = {isa = PBXFileReference; lastKnownFileType = text.plist.xml; path = Info.plist; sourceTree = "<group>"; };
		153954421E64272C00A20FB9 /* TTTests.xctest */ = {isa = PBXFileReference; explicitFileType = wrapper.cfbundle; includeInIndex = 0; path = TTTests.xctest; sourceTree = BUILT_PRODUCTS_DIR; };
		153954461E64272C00A20FB9 /* TTTests.m */ = {isa = PBXFileReference; lastKnownFileType = sourcecode.c.objc; path = TTTests.m; sourceTree = "<group>"; };
		153954481E64272C00A20FB9 /* Info.plist */ = {isa = PBXFileReference; lastKnownFileType = text.plist.xml; path = Info.plist; sourceTree = "<group>"; };
		1539544D1E64272C00A20FB9 /* TTUITests.xctest */ = {isa = PBXFileReference; explicitFileType = wrapper.cfbundle; includeInIndex = 0; path = TTUITests.xctest; sourceTree = BUILT_PRODUCTS_DIR; };
		153954511E64272C00A20FB9 /* TTUITests.m */ = {isa = PBXFileReference; lastKnownFileType = sourcecode.c.objc; path = TTUITests.m; sourceTree = "<group>"; };
		153954531E64272C00A20FB9 /* Info.plist */ = {isa = PBXFileReference; lastKnownFileType = text.plist.xml; path = Info.plist; sourceTree = "<group>"; };
		153955B91E64288600A20FB9 /* UIDevice+TTDevice.h */ = {isa = PBXFileReference; fileEncoding = 4; lastKnownFileType = sourcecode.c.h; path = "UIDevice+TTDevice.h"; sourceTree = "<group>"; };
		153955BA1E64288600A20FB9 /* UIDevice+TTDevice.m */ = {isa = PBXFileReference; fileEncoding = 4; lastKnownFileType = sourcecode.c.objc; path = "UIDevice+TTDevice.m"; sourceTree = "<group>"; };
		153955BC1E6428ED00A20FB9 /* NSDate+TTDate.h */ = {isa = PBXFileReference; fileEncoding = 4; lastKnownFileType = sourcecode.c.h; path = "NSDate+TTDate.h"; sourceTree = "<group>"; };
		153955BD1E6428ED00A20FB9 /* NSDate+TTDate.m */ = {isa = PBXFileReference; fileEncoding = 4; lastKnownFileType = sourcecode.c.objc; path = "NSDate+TTDate.m"; sourceTree = "<group>"; };
		153955BF1E64298600A20FB9 /* NSFileManager+TTFileManager.h */ = {isa = PBXFileReference; fileEncoding = 4; lastKnownFileType = sourcecode.c.h; path = "NSFileManager+TTFileManager.h"; sourceTree = "<group>"; };
		153955C01E64298600A20FB9 /* NSFileManager+TTFileManager.m */ = {isa = PBXFileReference; fileEncoding = 4; lastKnownFileType = sourcecode.c.objc; path = "NSFileManager+TTFileManager.m"; sourceTree = "<group>"; };
		153955C21E642A1A00A20FB9 /* NSString+TTString.h */ = {isa = PBXFileReference; fileEncoding = 4; lastKnownFileType = sourcecode.c.h; path = "NSString+TTString.h"; sourceTree = "<group>"; };
		153955C31E642A1A00A20FB9 /* NSString+TTString.m */ = {isa = PBXFileReference; fileEncoding = 4; lastKnownFileType = sourcecode.c.objc; path = "NSString+TTString.m"; sourceTree = "<group>"; };
		153955C51E642B2100A20FB9 /* NSUserDefaults+TTUserDefaults.h */ = {isa = PBXFileReference; fileEncoding = 4; lastKnownFileType = sourcecode.c.h; path = "NSUserDefaults+TTUserDefaults.h"; sourceTree = "<group>"; };
		153955C61E642B2100A20FB9 /* NSUserDefaults+TTUserDefaults.m */ = {isa = PBXFileReference; fileEncoding = 4; lastKnownFileType = sourcecode.c.objc; path = "NSUserDefaults+TTUserDefaults.m"; sourceTree = "<group>"; };
		153955C81E642FDA00A20FB9 /* UIView+TTSuperView.h */ = {isa = PBXFileReference; fileEncoding = 4; lastKnownFileType = sourcecode.c.h; path = "UIView+TTSuperView.h"; sourceTree = "<group>"; };
		153955C91E642FDA00A20FB9 /* UIView+TTSuperView.m */ = {isa = PBXFileReference; fileEncoding = 4; lastKnownFileType = sourcecode.c.objc; path = "UIView+TTSuperView.m"; sourceTree = "<group>"; };
		153955CE1E6431DE00A20FB9 /* UINavigationController+TTFullscreenPopGesture.h */ = {isa = PBXFileReference; fileEncoding = 4; lastKnownFileType = sourcecode.c.h; path = "UINavigationController+TTFullscreenPopGesture.h"; sourceTree = "<group>"; };
		153955CF1E6431DE00A20FB9 /* UINavigationController+TTFullscreenPopGesture.m */ = {isa = PBXFileReference; fileEncoding = 4; lastKnownFileType = sourcecode.c.objc; path = "UINavigationController+TTFullscreenPopGesture.m"; sourceTree = "<group>"; };
		153955D11E64365B00A20FB9 /* UIWindow+TTWindow.h */ = {isa = PBXFileReference; fileEncoding = 4; lastKnownFileType = sourcecode.c.h; path = "UIWindow+TTWindow.h"; sourceTree = "<group>"; };
		153955D21E64365B00A20FB9 /* UIWindow+TTWindow.m */ = {isa = PBXFileReference; fileEncoding = 4; lastKnownFileType = sourcecode.c.objc; path = "UIWindow+TTWindow.m"; sourceTree = "<group>"; };
		153955D41E643BF900A20FB9 /* NSBundle+TTBundle.h */ = {isa = PBXFileReference; fileEncoding = 4; lastKnownFileType = sourcecode.c.h; path = "NSBundle+TTBundle.h"; sourceTree = "<group>"; };
		153955D51E643BF900A20FB9 /* NSBundle+TTBundle.m */ = {isa = PBXFileReference; fileEncoding = 4; lastKnownFileType = sourcecode.c.objc; path = "NSBundle+TTBundle.m"; sourceTree = "<group>"; };
		15A0D8721E816283003A109E /* TTAnnotation.strings */ = {isa = PBXFileReference; fileEncoding = 4; lastKnownFileType = text.plist.strings; path = TTAnnotation.strings; sourceTree = "<group>"; };
		15A0D8771E8162D2003A109E /* MKAnnotationView+WebCache.h */ = {isa = PBXFileReference; fileEncoding = 4; lastKnownFileType = sourcecode.c.h; path = "MKAnnotationView+WebCache.h"; sourceTree = "<group>"; };
		15A0D8781E8162D2003A109E /* MKAnnotationView+WebCache.m */ = {isa = PBXFileReference; fileEncoding = 4; lastKnownFileType = sourcecode.c.objc; path = "MKAnnotationView+WebCache.m"; sourceTree = "<group>"; };
		15A0D8791E8162D2003A109E /* NSData+ImageContentType.h */ = {isa = PBXFileReference; fileEncoding = 4; lastKnownFileType = sourcecode.c.h; path = "NSData+ImageContentType.h"; sourceTree = "<group>"; };
		15A0D87A1E8162D2003A109E /* NSData+ImageContentType.m */ = {isa = PBXFileReference; fileEncoding = 4; lastKnownFileType = sourcecode.c.objc; path = "NSData+ImageContentType.m"; sourceTree = "<group>"; };
		15A0D87B1E8162D2003A109E /* NSImage+WebCache.h */ = {isa = PBXFileReference; fileEncoding = 4; lastKnownFileType = sourcecode.c.h; path = "NSImage+WebCache.h"; sourceTree = "<group>"; };
		15A0D87C1E8162D2003A109E /* NSImage+WebCache.m */ = {isa = PBXFileReference; fileEncoding = 4; lastKnownFileType = sourcecode.c.objc; path = "NSImage+WebCache.m"; sourceTree = "<group>"; };
		15A0D87D1E8162D2003A109E /* SDImageCache.h */ = {isa = PBXFileReference; fileEncoding = 4; lastKnownFileType = sourcecode.c.h; path = SDImageCache.h; sourceTree = "<group>"; };
		15A0D87E1E8162D2003A109E /* SDImageCache.m */ = {isa = PBXFileReference; fileEncoding = 4; lastKnownFileType = sourcecode.c.objc; path = SDImageCache.m; sourceTree = "<group>"; };
		15A0D87F1E8162D2003A109E /* SDImageCacheConfig.h */ = {isa = PBXFileReference; fileEncoding = 4; lastKnownFileType = sourcecode.c.h; path = SDImageCacheConfig.h; sourceTree = "<group>"; };
		15A0D8801E8162D2003A109E /* SDImageCacheConfig.m */ = {isa = PBXFileReference; fileEncoding = 4; lastKnownFileType = sourcecode.c.objc; path = SDImageCacheConfig.m; sourceTree = "<group>"; };
		15A0D8811E8162D2003A109E /* SDWebImageCompat.h */ = {isa = PBXFileReference; fileEncoding = 4; lastKnownFileType = sourcecode.c.h; path = SDWebImageCompat.h; sourceTree = "<group>"; };
		15A0D8821E8162D2003A109E /* SDWebImageCompat.m */ = {isa = PBXFileReference; fileEncoding = 4; lastKnownFileType = sourcecode.c.objc; path = SDWebImageCompat.m; sourceTree = "<group>"; };
		15A0D8831E8162D2003A109E /* SDWebImageDecoder.h */ = {isa = PBXFileReference; fileEncoding = 4; lastKnownFileType = sourcecode.c.h; path = SDWebImageDecoder.h; sourceTree = "<group>"; };
		15A0D8841E8162D2003A109E /* SDWebImageDecoder.m */ = {isa = PBXFileReference; fileEncoding = 4; lastKnownFileType = sourcecode.c.objc; path = SDWebImageDecoder.m; sourceTree = "<group>"; };
		15A0D8851E8162D2003A109E /* SDWebImageDownloader.h */ = {isa = PBXFileReference; fileEncoding = 4; lastKnownFileType = sourcecode.c.h; path = SDWebImageDownloader.h; sourceTree = "<group>"; };
		15A0D8861E8162D2003A109E /* SDWebImageDownloader.m */ = {isa = PBXFileReference; fileEncoding = 4; lastKnownFileType = sourcecode.c.objc; path = SDWebImageDownloader.m; sourceTree = "<group>"; };
		15A0D8871E8162D2003A109E /* SDWebImageDownloaderOperation.h */ = {isa = PBXFileReference; fileEncoding = 4; lastKnownFileType = sourcecode.c.h; path = SDWebImageDownloaderOperation.h; sourceTree = "<group>"; };
		15A0D8881E8162D2003A109E /* SDWebImageDownloaderOperation.m */ = {isa = PBXFileReference; fileEncoding = 4; lastKnownFileType = sourcecode.c.objc; path = SDWebImageDownloaderOperation.m; sourceTree = "<group>"; };
		15A0D8891E8162D2003A109E /* SDWebImageManager.h */ = {isa = PBXFileReference; fileEncoding = 4; lastKnownFileType = sourcecode.c.h; path = SDWebImageManager.h; sourceTree = "<group>"; };
		15A0D88A1E8162D2003A109E /* SDWebImageManager.m */ = {isa = PBXFileReference; fileEncoding = 4; lastKnownFileType = sourcecode.c.objc; path = SDWebImageManager.m; sourceTree = "<group>"; };
		15A0D88B1E8162D2003A109E /* SDWebImageOperation.h */ = {isa = PBXFileReference; fileEncoding = 4; lastKnownFileType = sourcecode.c.h; path = SDWebImageOperation.h; sourceTree = "<group>"; };
		15A0D88C1E8162D2003A109E /* SDWebImagePrefetcher.h */ = {isa = PBXFileReference; fileEncoding = 4; lastKnownFileType = sourcecode.c.h; path = SDWebImagePrefetcher.h; sourceTree = "<group>"; };
		15A0D88D1E8162D2003A109E /* SDWebImagePrefetcher.m */ = {isa = PBXFileReference; fileEncoding = 4; lastKnownFileType = sourcecode.c.objc; path = SDWebImagePrefetcher.m; sourceTree = "<group>"; };
		15A0D88E1E8162D2003A109E /* UIButton+WebCache.h */ = {isa = PBXFileReference; fileEncoding = 4; lastKnownFileType = sourcecode.c.h; path = "UIButton+WebCache.h"; sourceTree = "<group>"; };
		15A0D88F1E8162D2003A109E /* UIButton+WebCache.m */ = {isa = PBXFileReference; fileEncoding = 4; lastKnownFileType = sourcecode.c.objc; path = "UIButton+WebCache.m"; sourceTree = "<group>"; };
		15A0D8901E8162D2003A109E /* UIImage+GIF.h */ = {isa = PBXFileReference; fileEncoding = 4; lastKnownFileType = sourcecode.c.h; path = "UIImage+GIF.h"; sourceTree = "<group>"; };
		15A0D8911E8162D2003A109E /* UIImage+GIF.m */ = {isa = PBXFileReference; fileEncoding = 4; lastKnownFileType = sourcecode.c.objc; path = "UIImage+GIF.m"; sourceTree = "<group>"; };
		15A0D8921E8162D2003A109E /* UIImage+MultiFormat.h */ = {isa = PBXFileReference; fileEncoding = 4; lastKnownFileType = sourcecode.c.h; path = "UIImage+MultiFormat.h"; sourceTree = "<group>"; };
		15A0D8931E8162D2003A109E /* UIImage+MultiFormat.m */ = {isa = PBXFileReference; fileEncoding = 4; lastKnownFileType = sourcecode.c.objc; path = "UIImage+MultiFormat.m"; sourceTree = "<group>"; };
		15A0D8941E8162D2003A109E /* UIImage+WebP.h */ = {isa = PBXFileReference; fileEncoding = 4; lastKnownFileType = sourcecode.c.h; path = "UIImage+WebP.h"; sourceTree = "<group>"; };
		15A0D8951E8162D2003A109E /* UIImage+WebP.m */ = {isa = PBXFileReference; fileEncoding = 4; lastKnownFileType = sourcecode.c.objc; path = "UIImage+WebP.m"; sourceTree = "<group>"; };
		15A0D8961E8162D2003A109E /* UIImageView+HighlightedWebCache.h */ = {isa = PBXFileReference; fileEncoding = 4; lastKnownFileType = sourcecode.c.h; path = "UIImageView+HighlightedWebCache.h"; sourceTree = "<group>"; };
		15A0D8971E8162D2003A109E /* UIImageView+HighlightedWebCache.m */ = {isa = PBXFileReference; fileEncoding = 4; lastKnownFileType = sourcecode.c.objc; path = "UIImageView+HighlightedWebCache.m"; sourceTree = "<group>"; };
		15A0D8981E8162D2003A109E /* UIImageView+WebCache.h */ = {isa = PBXFileReference; fileEncoding = 4; lastKnownFileType = sourcecode.c.h; path = "UIImageView+WebCache.h"; sourceTree = "<group>"; };
		15A0D8991E8162D2003A109E /* UIImageView+WebCache.m */ = {isa = PBXFileReference; fileEncoding = 4; lastKnownFileType = sourcecode.c.objc; path = "UIImageView+WebCache.m"; sourceTree = "<group>"; };
		15A0D89A1E8162D2003A109E /* UIView+WebCache.h */ = {isa = PBXFileReference; fileEncoding = 4; lastKnownFileType = sourcecode.c.h; path = "UIView+WebCache.h"; sourceTree = "<group>"; };
		15A0D89B1E8162D2003A109E /* UIView+WebCache.m */ = {isa = PBXFileReference; fileEncoding = 4; lastKnownFileType = sourcecode.c.objc; path = "UIView+WebCache.m"; sourceTree = "<group>"; };
		15A0D89C1E8162D2003A109E /* UIView+WebCacheOperation.h */ = {isa = PBXFileReference; fileEncoding = 4; lastKnownFileType = sourcecode.c.h; path = "UIView+WebCacheOperation.h"; sourceTree = "<group>"; };
		15A0D89D1E8162D2003A109E /* UIView+WebCacheOperation.m */ = {isa = PBXFileReference; fileEncoding = 4; lastKnownFileType = sourcecode.c.objc; path = "UIView+WebCacheOperation.m"; sourceTree = "<group>"; };
		15A0D89F1E8162D2003A109E /* TTAudioTool.h */ = {isa = PBXFileReference; fileEncoding = 4; lastKnownFileType = sourcecode.c.h; path = TTAudioTool.h; sourceTree = "<group>"; };
		15A0D8A01E8162D2003A109E /* TTAudioTool.m */ = {isa = PBXFileReference; fileEncoding = 4; lastKnownFileType = sourcecode.c.objc; path = TTAudioTool.m; sourceTree = "<group>"; };
		15A0D8A11E8162D2003A109E /* TTBinaryData.h */ = {isa = PBXFileReference; fileEncoding = 4; lastKnownFileType = sourcecode.c.h; path = TTBinaryData.h; sourceTree = "<group>"; };
		15A0D8A21E8162D2003A109E /* TTBinaryData.m */ = {isa = PBXFileReference; fileEncoding = 4; lastKnownFileType = sourcecode.c.objc; path = TTBinaryData.m; sourceTree = "<group>"; };
		15A0D8A31E8162D2003A109E /* TTKit.h */ = {isa = PBXFileReference; fileEncoding = 4; lastKnownFileType = sourcecode.c.h; path = TTKit.h; sourceTree = "<group>"; };
		15A0D8A41E8162D2003A109E /* TTKit.m */ = {isa = PBXFileReference; fileEncoding = 4; lastKnownFileType = sourcecode.c.objc; path = TTKit.m; sourceTree = "<group>"; };
		15A0D8A51E8162D2003A109E /* TTManager.h */ = {isa = PBXFileReference; fileEncoding = 4; lastKnownFileType = sourcecode.c.h; path = TTManager.h; sourceTree = "<group>"; };
		15A0D8A61E8162D2003A109E /* TTManager.m */ = {isa = PBXFileReference; fileEncoding = 4; lastKnownFileType = sourcecode.c.objc; path = TTManager.m; sourceTree = "<group>"; };
		15A0D8C81E81681F003A109E /* MJDictionaryCache.h */ = {isa = PBXFileReference; fileEncoding = 4; lastKnownFileType = sourcecode.c.h; path = MJDictionaryCache.h; sourceTree = "<group>"; };
		15A0D8C91E81681F003A109E /* MJDictionaryCache.m */ = {isa = PBXFileReference; fileEncoding = 4; lastKnownFileType = sourcecode.c.objc; path = MJDictionaryCache.m; sourceTree = "<group>"; };
		15A0D8CA1E81681F003A109E /* MJExtension.h */ = {isa = PBXFileReference; fileEncoding = 4; lastKnownFileType = sourcecode.c.h; path = MJExtension.h; sourceTree = "<group>"; };
		15A0D8CB1E81681F003A109E /* MJExtensionConst.h */ = {isa = PBXFileReference; fileEncoding = 4; lastKnownFileType = sourcecode.c.h; path = MJExtensionConst.h; sourceTree = "<group>"; };
		15A0D8CC1E81681F003A109E /* MJExtensionConst.m */ = {isa = PBXFileReference; fileEncoding = 4; lastKnownFileType = sourcecode.c.objc; path = MJExtensionConst.m; sourceTree = "<group>"; };
		15A0D8CD1E81681F003A109E /* MJFoundation.h */ = {isa = PBXFileReference; fileEncoding = 4; lastKnownFileType = sourcecode.c.h; path = MJFoundation.h; sourceTree = "<group>"; };
		15A0D8CE1E81681F003A109E /* MJFoundation.m */ = {isa = PBXFileReference; fileEncoding = 4; lastKnownFileType = sourcecode.c.objc; path = MJFoundation.m; sourceTree = "<group>"; };
		15A0D8CF1E81681F003A109E /* MJProperty.h */ = {isa = PBXFileReference; fileEncoding = 4; lastKnownFileType = sourcecode.c.h; path = MJProperty.h; sourceTree = "<group>"; };
		15A0D8D01E81681F003A109E /* MJProperty.m */ = {isa = PBXFileReference; fileEncoding = 4; lastKnownFileType = sourcecode.c.objc; path = MJProperty.m; sourceTree = "<group>"; };
		15A0D8D11E81681F003A109E /* MJPropertyKey.h */ = {isa = PBXFileReference; fileEncoding = 4; lastKnownFileType = sourcecode.c.h; path = MJPropertyKey.h; sourceTree = "<group>"; };
		15A0D8D21E81681F003A109E /* MJPropertyKey.m */ = {isa = PBXFileReference; fileEncoding = 4; lastKnownFileType = sourcecode.c.objc; path = MJPropertyKey.m; sourceTree = "<group>"; };
		15A0D8D31E81681F003A109E /* MJPropertyType.h */ = {isa = PBXFileReference; fileEncoding = 4; lastKnownFileType = sourcecode.c.h; path = MJPropertyType.h; sourceTree = "<group>"; };
		15A0D8D41E81681F003A109E /* MJPropertyType.m */ = {isa = PBXFileReference; fileEncoding = 4; lastKnownFileType = sourcecode.c.objc; path = MJPropertyType.m; sourceTree = "<group>"; };
		15A0D8D51E81681F003A109E /* NSObject+MJClass.h */ = {isa = PBXFileReference; fileEncoding = 4; lastKnownFileType = sourcecode.c.h; path = "NSObject+MJClass.h"; sourceTree = "<group>"; };
		15A0D8D61E81681F003A109E /* NSObject+MJClass.m */ = {isa = PBXFileReference; fileEncoding = 4; lastKnownFileType = sourcecode.c.objc; path = "NSObject+MJClass.m"; sourceTree = "<group>"; };
		15A0D8D71E81681F003A109E /* NSObject+MJCoding.h */ = {isa = PBXFileReference; fileEncoding = 4; lastKnownFileType = sourcecode.c.h; path = "NSObject+MJCoding.h"; sourceTree = "<group>"; };
		15A0D8D81E81681F003A109E /* NSObject+MJCoding.m */ = {isa = PBXFileReference; fileEncoding = 4; lastKnownFileType = sourcecode.c.objc; path = "NSObject+MJCoding.m"; sourceTree = "<group>"; };
		15A0D8D91E81681F003A109E /* NSObject+MJKeyValue.h */ = {isa = PBXFileReference; fileEncoding = 4; lastKnownFileType = sourcecode.c.h; path = "NSObject+MJKeyValue.h"; sourceTree = "<group>"; };
		15A0D8DA1E81681F003A109E /* NSObject+MJKeyValue.m */ = {isa = PBXFileReference; fileEncoding = 4; lastKnownFileType = sourcecode.c.objc; path = "NSObject+MJKeyValue.m"; sourceTree = "<group>"; };
		15A0D8DB1E81681F003A109E /* NSObject+MJProperty.h */ = {isa = PBXFileReference; fileEncoding = 4; lastKnownFileType = sourcecode.c.h; path = "NSObject+MJProperty.h"; sourceTree = "<group>"; };
		15A0D8DC1E81681F003A109E /* NSObject+MJProperty.m */ = {isa = PBXFileReference; fileEncoding = 4; lastKnownFileType = sourcecode.c.objc; path = "NSObject+MJProperty.m"; sourceTree = "<group>"; };
		15A0D8DD1E81681F003A109E /* NSString+MJExtension.h */ = {isa = PBXFileReference; fileEncoding = 4; lastKnownFileType = sourcecode.c.h; path = "NSString+MJExtension.h"; sourceTree = "<group>"; };
		15A0D8DE1E81681F003A109E /* NSString+MJExtension.m */ = {isa = PBXFileReference; fileEncoding = 4; lastKnownFileType = sourcecode.c.objc; path = "NSString+MJExtension.m"; sourceTree = "<group>"; };
		15A0D8DF1E81681F003A109E /* TTBaseModel.h */ = {isa = PBXFileReference; fileEncoding = 4; lastKnownFileType = sourcecode.c.h; path = TTBaseModel.h; sourceTree = "<group>"; };
		15A0D8E01E81681F003A109E /* TTBaseModel.m */ = {isa = PBXFileReference; fileEncoding = 4; lastKnownFileType = sourcecode.c.objc; path = TTBaseModel.m; sourceTree = "<group>"; };
		15A0D8E11E81681F003A109E /* TTShareUser.h */ = {isa = PBXFileReference; fileEncoding = 4; lastKnownFileType = sourcecode.c.h; path = TTShareUser.h; sourceTree = "<group>"; };
		15A0D8E21E81681F003A109E /* TTShareUser.m */ = {isa = PBXFileReference; fileEncoding = 4; lastKnownFileType = sourcecode.c.objc; path = TTShareUser.m; sourceTree = "<group>"; };
		15A0D9271E8169A9003A109E /* SystemConfiguration.framework */ = {isa = PBXFileReference; lastKnownFileType = wrapper.framework; name = SystemConfiguration.framework; path = System/Library/Frameworks/SystemConfiguration.framework; sourceTree = SDKROOT; };
		15A0D9291E8169B2003A109E /* libz.1.2.8.tbd */ = {isa = PBXFileReference; lastKnownFileType = "sourcecode.text-based-dylib-definition"; name = libz.1.2.8.tbd; path = usr/lib/libz.1.2.8.tbd; sourceTree = SDKROOT; };
		15A0D92B1E8169B8003A109E /* libsqlite3.0.tbd */ = {isa = PBXFileReference; lastKnownFileType = "sourcecode.text-based-dylib-definition"; name = libsqlite3.0.tbd; path = usr/lib/libsqlite3.0.tbd; sourceTree = SDKROOT; };
		15A0D92D1E8169BF003A109E /* libc++.1.tbd */ = {isa = PBXFileReference; lastKnownFileType = "sourcecode.text-based-dylib-definition"; name = "libc++.1.tbd"; path = "usr/lib/libc++.1.tbd"; sourceTree = SDKROOT; };
		15A0D92F1E8169C7003A109E /* Security.framework */ = {isa = PBXFileReference; lastKnownFileType = wrapper.framework; name = Security.framework; path = System/Library/Frameworks/Security.framework; sourceTree = SDKROOT; };
		15A0D9311E8169DF003A109E /* CoreTelephony.framework */ = {isa = PBXFileReference; lastKnownFileType = wrapper.framework; name = CoreTelephony.framework; path = System/Library/Frameworks/CoreTelephony.framework; sourceTree = SDKROOT; };
		15A0D9331E8169E5003A109E /* CFNetwork.framework */ = {isa = PBXFileReference; lastKnownFileType = wrapper.framework; name = CFNetwork.framework; path = System/Library/Frameworks/CFNetwork.framework; sourceTree = SDKROOT; };
		15A0D9351E816A3E003A109E /* libc++.tbd */ = {isa = PBXFileReference; lastKnownFileType = "sourcecode.text-based-dylib-definition"; name = "libc++.tbd"; path = "usr/lib/libc++.tbd"; sourceTree = SDKROOT; };
		15A0D93A1E816B26003A109E /* ShareContentInfo.h */ = {isa = PBXFileReference; fileEncoding = 4; lastKnownFileType = sourcecode.c.h; path = ShareContentInfo.h; sourceTree = "<group>"; };
		15A0D93B1E816B26003A109E /* ShareContentInfo.m */ = {isa = PBXFileReference; fileEncoding = 4; lastKnownFileType = sourcecode.c.objc; path = ShareContentInfo.m; sourceTree = "<group>"; };
		15A0D93E1E816B26003A109E /* libWeiboSDK.a */ = {isa = PBXFileReference; lastKnownFileType = archive.ar; path = libWeiboSDK.a; sourceTree = "<group>"; };
		15A0D93F1E816B26003A109E /* WBHttpRequest+WeiboGame.h */ = {isa = PBXFileReference; fileEncoding = 4; lastKnownFileType = sourcecode.c.h; path = "WBHttpRequest+WeiboGame.h"; sourceTree = "<group>"; };
		15A0D9401E816B26003A109E /* WBHttpRequest+WeiboShare.h */ = {isa = PBXFileReference; fileEncoding = 4; lastKnownFileType = sourcecode.c.h; path = "WBHttpRequest+WeiboShare.h"; sourceTree = "<group>"; };
		15A0D9411E816B26003A109E /* WBHttpRequest+WeiboToken.h */ = {isa = PBXFileReference; fileEncoding = 4; lastKnownFileType = sourcecode.c.h; path = "WBHttpRequest+WeiboToken.h"; sourceTree = "<group>"; };
		15A0D9421E816B26003A109E /* WBHttpRequest+WeiboUser.h */ = {isa = PBXFileReference; fileEncoding = 4; lastKnownFileType = sourcecode.c.h; path = "WBHttpRequest+WeiboUser.h"; sourceTree = "<group>"; };
		15A0D9431E816B26003A109E /* WBHttpRequest.h */ = {isa = PBXFileReference; fileEncoding = 4; lastKnownFileType = sourcecode.c.h; path = WBHttpRequest.h; sourceTree = "<group>"; };
		15A0D9441E816B26003A109E /* WBSDKBasicButton.h */ = {isa = PBXFileReference; fileEncoding = 4; lastKnownFileType = sourcecode.c.h; path = WBSDKBasicButton.h; sourceTree = "<group>"; };
		15A0D9451E816B26003A109E /* WBSDKCommentButton.h */ = {isa = PBXFileReference; fileEncoding = 4; lastKnownFileType = sourcecode.c.h; path = WBSDKCommentButton.h; sourceTree = "<group>"; };
		15A0D9461E816B26003A109E /* WBSDKRelationshipButton.h */ = {isa = PBXFileReference; fileEncoding = 4; lastKnownFileType = sourcecode.c.h; path = WBSDKRelationshipButton.h; sourceTree = "<group>"; };
		15A0D9471E816B26003A109E /* WeiboSDK.bundle */ = {isa = PBXFileReference; lastKnownFileType = "wrapper.plug-in"; path = WeiboSDK.bundle; sourceTree = "<group>"; };
		15A0D9481E816B26003A109E /* WeiboSDK.h */ = {isa = PBXFileReference; fileEncoding = 4; lastKnownFileType = sourcecode.c.h; path = WeiboSDK.h; sourceTree = "<group>"; };
		15A0D9491E816B26003A109E /* WeiboUser.h */ = {isa = PBXFileReference; fileEncoding = 4; lastKnownFileType = sourcecode.c.h; path = WeiboUser.h; sourceTree = "<group>"; };
		15A0D94A1E816B26003A109E /* SinaAuthRequest.h */ = {isa = PBXFileReference; fileEncoding = 4; lastKnownFileType = sourcecode.c.h; path = SinaAuthRequest.h; sourceTree = "<group>"; };
		15A0D94B1E816B26003A109E /* SinaAuthRequest.m */ = {isa = PBXFileReference; fileEncoding = 4; lastKnownFileType = sourcecode.c.objc; path = SinaAuthRequest.m; sourceTree = "<group>"; };
		15A0D94C1E816B26003A109E /* TTSinaCenter.h */ = {isa = PBXFileReference; fileEncoding = 4; lastKnownFileType = sourcecode.c.h; path = TTSinaCenter.h; sourceTree = "<group>"; };
		15A0D94D1E816B26003A109E /* TTSinaCenter.m */ = {isa = PBXFileReference; fileEncoding = 4; lastKnownFileType = sourcecode.c.objc; path = TTSinaCenter.m; sourceTree = "<group>"; };
		15A0D9501E816B26003A109E /* TencentOpenAPI.framework */ = {isa = PBXFileReference; lastKnownFileType = wrapper.framework; path = TencentOpenAPI.framework; sourceTree = "<group>"; };
		15A0D9511E816B26003A109E /* TencentOpenApi_IOS_Bundle.bundle */ = {isa = PBXFileReference; lastKnownFileType = "wrapper.plug-in"; path = TencentOpenApi_IOS_Bundle.bundle; sourceTree = "<group>"; };
		15A0D9521E816B26003A109E /* TTTencentCenter.h */ = {isa = PBXFileReference; fileEncoding = 4; lastKnownFileType = sourcecode.c.h; path = TTTencentCenter.h; sourceTree = "<group>"; };
		15A0D9531E816B26003A109E /* TTTencentCenter.m */ = {isa = PBXFileReference; fileEncoding = 4; lastKnownFileType = sourcecode.c.objc; path = TTTencentCenter.m; sourceTree = "<group>"; };
		15A0D9541E816B26003A109E /* TTAuthInfo.h */ = {isa = PBXFileReference; fileEncoding = 4; lastKnownFileType = sourcecode.c.h; path = TTAuthInfo.h; sourceTree = "<group>"; };
		15A0D9551E816B26003A109E /* TTAuthInfo.m */ = {isa = PBXFileReference; fileEncoding = 4; lastKnownFileType = sourcecode.c.objc; path = TTAuthInfo.m; sourceTree = "<group>"; };
		15A0D9561E816B26003A109E /* TTBaseShareCenter.h */ = {isa = PBXFileReference; fileEncoding = 4; lastKnownFileType = sourcecode.c.h; path = TTBaseShareCenter.h; sourceTree = "<group>"; };
		15A0D9571E816B26003A109E /* TTBaseShareCenter.m */ = {isa = PBXFileReference; fileEncoding = 4; lastKnownFileType = sourcecode.c.objc; path = TTBaseShareCenter.m; sourceTree = "<group>"; };
		15A0D95A1E816B26003A109E /* libWeChatSDK.a */ = {isa = PBXFileReference; lastKnownFileType = archive.ar; path = libWeChatSDK.a; sourceTree = "<group>"; };
		15A0D95B1E816B26003A109E /* WechatAuthSDK.h */ = {isa = PBXFileReference; fileEncoding = 4; lastKnownFileType = sourcecode.c.h; path = WechatAuthSDK.h; sourceTree = "<group>"; };
		15A0D95C1E816B26003A109E /* WXApi.h */ = {isa = PBXFileReference; fileEncoding = 4; lastKnownFileType = sourcecode.c.h; path = WXApi.h; sourceTree = "<group>"; };
		15A0D95D1E816B26003A109E /* WXApiObject.h */ = {isa = PBXFileReference; fileEncoding = 4; lastKnownFileType = sourcecode.c.h; path = WXApiObject.h; sourceTree = "<group>"; };
		15A0D95E1E816B26003A109E /* TTWeChatCenter.h */ = {isa = PBXFileReference; fileEncoding = 4; lastKnownFileType = sourcecode.c.h; path = TTWeChatCenter.h; sourceTree = "<group>"; };
		15A0D95F1E816B26003A109E /* TTWeChatCenter.m */ = {isa = PBXFileReference; fileEncoding = 4; lastKnownFileType = sourcecode.c.objc; path = TTWeChatCenter.m; sourceTree = "<group>"; };
		15A0D9601E816B26003A109E /* WXAuthRequest.h */ = {isa = PBXFileReference; fileEncoding = 4; lastKnownFileType = sourcecode.c.h; path = WXAuthRequest.h; sourceTree = "<group>"; };
		15A0D9611E816B26003A109E /* WXAuthRequest.m */ = {isa = PBXFileReference; fileEncoding = 4; lastKnownFileType = sourcecode.c.objc; path = WXAuthRequest.m; sourceTree = "<group>"; };
		15A0D9731E816DFF003A109E /* TTConst.h */ = {isa = PBXFileReference; fileEncoding = 4; lastKnownFileType = sourcecode.c.h; path = TTConst.h; sourceTree = "<group>"; };
		15C7BF211E6907BA001636DA /* MBProgressHUD.h */ = {isa = PBXFileReference; fileEncoding = 4; lastKnownFileType = sourcecode.c.h; path = MBProgressHUD.h; sourceTree = "<group>"; };
		15C7BF221E6907BA001636DA /* MBProgressHUD.m */ = {isa = PBXFileReference; fileEncoding = 4; lastKnownFileType = sourcecode.c.objc; path = MBProgressHUD.m; sourceTree = "<group>"; };
		15C7BF241E690831001636DA /* TTHUDMessage.h */ = {isa = PBXFileReference; fileEncoding = 4; lastKnownFileType = sourcecode.c.h; path = TTHUDMessage.h; sourceTree = "<group>"; };
		15C7BF251E690831001636DA /* TTHUDMessage.m */ = {isa = PBXFileReference; fileEncoding = 4; lastKnownFileType = sourcecode.c.objc; path = TTHUDMessage.m; sourceTree = "<group>"; };
		2DEEE8CB1E73D4E20089CE1F /* TTBaseRequest.h */ = {isa = PBXFileReference; fileEncoding = 4; lastKnownFileType = sourcecode.c.h; path = TTBaseRequest.h; sourceTree = "<group>"; };
		2DEEE8CC1E73D4E20089CE1F /* TTBaseRequest.m */ = {isa = PBXFileReference; fileEncoding = 4; lastKnownFileType = sourcecode.c.objc; path = TTBaseRequest.m; sourceTree = "<group>"; };
		2DEEE8F51E73DCA00089CE1F /* hud_completed.png */ = {isa = PBXFileReference; lastKnownFileType = image.png; path = hud_completed.png; sourceTree = "<group>"; };
		2DEEE8F61E73DCA00089CE1F /* hud_completed@2x.png */ = {isa = PBXFileReference; lastKnownFileType = image.png; path = "hud_completed@2x.png"; sourceTree = "<group>"; };
		2DEEE8F71E73DCA00089CE1F /* hud_error.png */ = {isa = PBXFileReference; lastKnownFileType = image.png; path = hud_error.png; sourceTree = "<group>"; };
		2DEEE8F81E73DCA00089CE1F /* hud_error@2x.png */ = {isa = PBXFileReference; lastKnownFileType = image.png; path = "hud_error@2x.png"; sourceTree = "<group>"; };
		2DEEE8F91E73DCA00089CE1F /* hud_info.png */ = {isa = PBXFileReference; lastKnownFileType = image.png; path = hud_info.png; sourceTree = "<group>"; };
		2DEEE8FA1E73DCA00089CE1F /* hud_info@2x.png */ = {isa = PBXFileReference; lastKnownFileType = image.png; path = "hud_info@2x.png"; sourceTree = "<group>"; };
		2DEEE8FC1E73DCA00089CE1F /* ratingbar_bgstar.png */ = {isa = PBXFileReference; lastKnownFileType = image.png; path = ratingbar_bgstar.png; sourceTree = "<group>"; };
		2DEEE8FD1E73DCA00089CE1F /* ratingbar_fgstar.png */ = {isa = PBXFileReference; lastKnownFileType = image.png; path = ratingbar_fgstar.png; sourceTree = "<group>"; };
		2DEEE8FF1E73DCA00089CE1F /* refresh_header_loading.png */ = {isa = PBXFileReference; lastKnownFileType = image.png; path = refresh_header_loading.png; sourceTree = "<group>"; };
		2DEEE9011E73DCA00089CE1F /* autoResizeAllImage.js */ = {isa = PBXFileReference; fileEncoding = 4; lastKnownFileType = sourcecode.javascript; path = autoResizeAllImage.js; sourceTree = "<group>"; };
		2DEEE90E1E73DCF10089CE1F /* AFHTTPRequestOperation.h */ = {isa = PBXFileReference; fileEncoding = 4; lastKnownFileType = sourcecode.c.h; path = AFHTTPRequestOperation.h; sourceTree = "<group>"; };
		2DEEE90F1E73DCF10089CE1F /* AFHTTPRequestOperation.m */ = {isa = PBXFileReference; fileEncoding = 4; lastKnownFileType = sourcecode.c.objc; path = AFHTTPRequestOperation.m; sourceTree = "<group>"; };
		2DEEE9101E73DCF10089CE1F /* AFHTTPRequestOperationManager.h */ = {isa = PBXFileReference; fileEncoding = 4; lastKnownFileType = sourcecode.c.h; path = AFHTTPRequestOperationManager.h; sourceTree = "<group>"; };
		2DEEE9111E73DCF10089CE1F /* AFHTTPRequestOperationManager.m */ = {isa = PBXFileReference; fileEncoding = 4; lastKnownFileType = sourcecode.c.objc; path = AFHTTPRequestOperationManager.m; sourceTree = "<group>"; };
		2DEEE9121E73DCF10089CE1F /* AFHTTPSessionManager.h */ = {isa = PBXFileReference; fileEncoding = 4; lastKnownFileType = sourcecode.c.h; path = AFHTTPSessionManager.h; sourceTree = "<group>"; };
		2DEEE9131E73DCF10089CE1F /* AFHTTPSessionManager.m */ = {isa = PBXFileReference; fileEncoding = 4; lastKnownFileType = sourcecode.c.objc; path = AFHTTPSessionManager.m; sourceTree = "<group>"; };
		2DEEE9141E73DCF10089CE1F /* AFNetworking.h */ = {isa = PBXFileReference; fileEncoding = 4; lastKnownFileType = sourcecode.c.h; path = AFNetworking.h; sourceTree = "<group>"; };
		2DEEE9151E73DCF10089CE1F /* AFNetworkReachabilityManager.h */ = {isa = PBXFileReference; fileEncoding = 4; lastKnownFileType = sourcecode.c.h; path = AFNetworkReachabilityManager.h; sourceTree = "<group>"; };
		2DEEE9161E73DCF10089CE1F /* AFNetworkReachabilityManager.m */ = {isa = PBXFileReference; fileEncoding = 4; lastKnownFileType = sourcecode.c.objc; path = AFNetworkReachabilityManager.m; sourceTree = "<group>"; };
		2DEEE9171E73DCF10089CE1F /* AFSecurityPolicy.h */ = {isa = PBXFileReference; fileEncoding = 4; lastKnownFileType = sourcecode.c.h; path = AFSecurityPolicy.h; sourceTree = "<group>"; };
		2DEEE9181E73DCF10089CE1F /* AFSecurityPolicy.m */ = {isa = PBXFileReference; fileEncoding = 4; lastKnownFileType = sourcecode.c.objc; path = AFSecurityPolicy.m; sourceTree = "<group>"; };
		2DEEE9191E73DCF10089CE1F /* AFURLConnectionOperation.h */ = {isa = PBXFileReference; fileEncoding = 4; lastKnownFileType = sourcecode.c.h; path = AFURLConnectionOperation.h; sourceTree = "<group>"; };
		2DEEE91A1E73DCF10089CE1F /* AFURLConnectionOperation.m */ = {isa = PBXFileReference; fileEncoding = 4; lastKnownFileType = sourcecode.c.objc; path = AFURLConnectionOperation.m; sourceTree = "<group>"; };
		2DEEE91B1E73DCF10089CE1F /* AFURLRequestSerialization.h */ = {isa = PBXFileReference; fileEncoding = 4; lastKnownFileType = sourcecode.c.h; path = AFURLRequestSerialization.h; sourceTree = "<group>"; };
		2DEEE91C1E73DCF10089CE1F /* AFURLRequestSerialization.m */ = {isa = PBXFileReference; fileEncoding = 4; lastKnownFileType = sourcecode.c.objc; path = AFURLRequestSerialization.m; sourceTree = "<group>"; };
		2DEEE91D1E73DCF10089CE1F /* AFURLResponseSerialization.h */ = {isa = PBXFileReference; fileEncoding = 4; lastKnownFileType = sourcecode.c.h; path = AFURLResponseSerialization.h; sourceTree = "<group>"; };
		2DEEE91E1E73DCF10089CE1F /* AFURLResponseSerialization.m */ = {isa = PBXFileReference; fileEncoding = 4; lastKnownFileType = sourcecode.c.objc; path = AFURLResponseSerialization.m; sourceTree = "<group>"; };
		2DEEE91F1E73DCF10089CE1F /* AFURLSessionManager.h */ = {isa = PBXFileReference; fileEncoding = 4; lastKnownFileType = sourcecode.c.h; path = AFURLSessionManager.h; sourceTree = "<group>"; };
		2DEEE9201E73DCF10089CE1F /* AFURLSessionManager.m */ = {isa = PBXFileReference; fileEncoding = 4; lastKnownFileType = sourcecode.c.objc; path = AFURLSessionManager.m; sourceTree = "<group>"; };
		2DEEE92A1E73E76C0089CE1F /* TTRequest.h */ = {isa = PBXFileReference; fileEncoding = 4; lastKnownFileType = sourcecode.c.h; path = TTRequest.h; sourceTree = "<group>"; };
		2DEEE92B1E73E76C0089CE1F /* TTRequest.m */ = {isa = PBXFileReference; fileEncoding = 4; lastKnownFileType = sourcecode.c.objc; path = TTRequest.m; sourceTree = "<group>"; };
/* End PBXFileReference section */

/* Begin PBXFrameworksBuildPhase section */
		153954261E64272B00A20FB9 /* Frameworks */ = {
			isa = PBXFrameworksBuildPhase;
			buildActionMask = 2147483647;
			files = (
				15A0D9721E816DAA003A109E /* libWeChatSDK.a in Frameworks */,
				15A0D9711E816DA1003A109E /* TencentOpenAPI.framework in Frameworks */,
				15A0D96F1E816D93003A109E /* libWeiboSDK.a in Frameworks */,
				15A0D9361E816A3E003A109E /* libc++.tbd in Frameworks */,
				15A0D9341E8169E5003A109E /* CFNetwork.framework in Frameworks */,
				15A0D9321E8169DF003A109E /* CoreTelephony.framework in Frameworks */,
				15A0D9301E8169C7003A109E /* Security.framework in Frameworks */,
				15A0D92E1E8169BF003A109E /* libc++.1.tbd in Frameworks */,
				15A0D92C1E8169B8003A109E /* libsqlite3.0.tbd in Frameworks */,
				15A0D92A1E8169B2003A109E /* libz.1.2.8.tbd in Frameworks */,
				15A0D9281E8169A9003A109E /* SystemConfiguration.framework in Frameworks */,
			);
			runOnlyForDeploymentPostprocessing = 0;
		};
		1539543F1E64272C00A20FB9 /* Frameworks */ = {
			isa = PBXFrameworksBuildPhase;
			buildActionMask = 2147483647;
			files = (
			);
			runOnlyForDeploymentPostprocessing = 0;
		};
		1539544A1E64272C00A20FB9 /* Frameworks */ = {
			isa = PBXFrameworksBuildPhase;
			buildActionMask = 2147483647;
			files = (
			);
			runOnlyForDeploymentPostprocessing = 0;
		};
/* End PBXFrameworksBuildPhase section */

/* Begin PBXGroup section */
		153954201E64272B00A20FB9 = {
			isa = PBXGroup;
			children = (
				15A0D8721E816283003A109E /* TTAnnotation.strings */,
				153955B41E6427C900A20FB9 /* TTFrameWork */,
				1539542B1E64272B00A20FB9 /* TT */,
				153954451E64272C00A20FB9 /* TTTests */,
				153954501E64272C00A20FB9 /* TTUITests */,
				1539542A1E64272B00A20FB9 /* Products */,
				15A0D9261E8169A9003A109E /* Frameworks */,
			);
			sourceTree = "<group>";
		};
		1539542A1E64272B00A20FB9 /* Products */ = {
			isa = PBXGroup;
			children = (
				153954291E64272B00A20FB9 /* TT.app */,
				153954421E64272C00A20FB9 /* TTTests.xctest */,
				1539544D1E64272C00A20FB9 /* TTUITests.xctest */,
			);
			name = Products;
			sourceTree = "<group>";
		};
		1539542B1E64272B00A20FB9 /* TT */ = {
			isa = PBXGroup;
			children = (
				1539542F1E64272B00A20FB9 /* AppDelegate.h */,
				153954301E64272B00A20FB9 /* AppDelegate.m */,
				153954321E64272B00A20FB9 /* ViewController.h */,
				153954331E64272B00A20FB9 /* ViewController.m */,
				153954351E64272B00A20FB9 /* Main.storyboard */,
				153954381E64272B00A20FB9 /* Assets.xcassets */,
				1539543A1E64272B00A20FB9 /* LaunchScreen.storyboard */,
				1539543D1E64272B00A20FB9 /* Info.plist */,
				1539542C1E64272B00A20FB9 /* Supporting Files */,
			);
			path = TT;
			sourceTree = "<group>";
		};
		1539542C1E64272B00A20FB9 /* Supporting Files */ = {
			isa = PBXGroup;
			children = (
				1539542D1E64272B00A20FB9 /* main.m */,
			);
			name = "Supporting Files";
			sourceTree = "<group>";
		};
		153954451E64272C00A20FB9 /* TTTests */ = {
			isa = PBXGroup;
			children = (
				153954461E64272C00A20FB9 /* TTTests.m */,
				153954481E64272C00A20FB9 /* Info.plist */,
			);
			path = TTTests;
			sourceTree = "<group>";
		};
		153954501E64272C00A20FB9 /* TTUITests */ = {
			isa = PBXGroup;
			children = (
				153954511E64272C00A20FB9 /* TTUITests.m */,
				153954531E64272C00A20FB9 /* Info.plist */,
			);
			path = TTUITests;
			sourceTree = "<group>";
		};
		153955B41E6427C900A20FB9 /* TTFrameWork */ = {
			isa = PBXGroup;
			children = (
				15A0D9391E816B26003A109E /* TTShare */,
				15A0D8C51E81681F003A109E /* Model */,
				15A0D8741E8162D2003A109E /* Common */,
				2DEEE8F21E73DC950089CE1F /* ReasourceFiles */,
				2DEEE8CA1E73D4C90089CE1F /* NetWork */,
				15C7BF1F1E69078C001636DA /* TTHUDMessage */,
				153955B51E6427DC00A20FB9 /* Category */,
			);
			path = TTFrameWork;
			sourceTree = "<group>";
		};
		153955B51E6427DC00A20FB9 /* Category */ = {
			isa = PBXGroup;
			children = (
				153955B91E64288600A20FB9 /* UIDevice+TTDevice.h */,
				153955BA1E64288600A20FB9 /* UIDevice+TTDevice.m */,
				153955BC1E6428ED00A20FB9 /* NSDate+TTDate.h */,
				153955BD1E6428ED00A20FB9 /* NSDate+TTDate.m */,
				153955BF1E64298600A20FB9 /* NSFileManager+TTFileManager.h */,
				153955C01E64298600A20FB9 /* NSFileManager+TTFileManager.m */,
				153955C21E642A1A00A20FB9 /* NSString+TTString.h */,
				153955C31E642A1A00A20FB9 /* NSString+TTString.m */,
				153955C51E642B2100A20FB9 /* NSUserDefaults+TTUserDefaults.h */,
				153955C61E642B2100A20FB9 /* NSUserDefaults+TTUserDefaults.m */,
				153955C81E642FDA00A20FB9 /* UIView+TTSuperView.h */,
				153955C91E642FDA00A20FB9 /* UIView+TTSuperView.m */,
				153955CE1E6431DE00A20FB9 /* UINavigationController+TTFullscreenPopGesture.h */,
				153955CF1E6431DE00A20FB9 /* UINavigationController+TTFullscreenPopGesture.m */,
				153955D11E64365B00A20FB9 /* UIWindow+TTWindow.h */,
				153955D21E64365B00A20FB9 /* UIWindow+TTWindow.m */,
				153955D41E643BF900A20FB9 /* NSBundle+TTBundle.h */,
				153955D51E643BF900A20FB9 /* NSBundle+TTBundle.m */,
			);
			path = Category;
			sourceTree = "<group>";
		};
		15A0D8741E8162D2003A109E /* Common */ = {
			isa = PBXGroup;
			children = (
				15A0D9731E816DFF003A109E /* TTConst.h */,
				15A0D8751E8162D2003A109E /* Libs */,
				15A0D8761E8162D2003A109E /* SDWebImage */,
				15A0D89E1E8162D2003A109E /* Tools */,
			);
			path = Common;
			sourceTree = "<group>";
		};
		15A0D8751E8162D2003A109E /* Libs */ = {
			isa = PBXGroup;
			children = (
			);
			path = Libs;
			sourceTree = "<group>";
		};
		15A0D8761E8162D2003A109E /* SDWebImage */ = {
			isa = PBXGroup;
			children = (
				15A0D8771E8162D2003A109E /* MKAnnotationView+WebCache.h */,
				15A0D8781E8162D2003A109E /* MKAnnotationView+WebCache.m */,
				15A0D8791E8162D2003A109E /* NSData+ImageContentType.h */,
				15A0D87A1E8162D2003A109E /* NSData+ImageContentType.m */,
				15A0D87B1E8162D2003A109E /* NSImage+WebCache.h */,
				15A0D87C1E8162D2003A109E /* NSImage+WebCache.m */,
				15A0D87D1E8162D2003A109E /* SDImageCache.h */,
				15A0D87E1E8162D2003A109E /* SDImageCache.m */,
				15A0D87F1E8162D2003A109E /* SDImageCacheConfig.h */,
				15A0D8801E8162D2003A109E /* SDImageCacheConfig.m */,
				15A0D8811E8162D2003A109E /* SDWebImageCompat.h */,
				15A0D8821E8162D2003A109E /* SDWebImageCompat.m */,
				15A0D8831E8162D2003A109E /* SDWebImageDecoder.h */,
				15A0D8841E8162D2003A109E /* SDWebImageDecoder.m */,
				15A0D8851E8162D2003A109E /* SDWebImageDownloader.h */,
				15A0D8861E8162D2003A109E /* SDWebImageDownloader.m */,
				15A0D8871E8162D2003A109E /* SDWebImageDownloaderOperation.h */,
				15A0D8881E8162D2003A109E /* SDWebImageDownloaderOperation.m */,
				15A0D8891E8162D2003A109E /* SDWebImageManager.h */,
				15A0D88A1E8162D2003A109E /* SDWebImageManager.m */,
				15A0D88B1E8162D2003A109E /* SDWebImageOperation.h */,
				15A0D88C1E8162D2003A109E /* SDWebImagePrefetcher.h */,
				15A0D88D1E8162D2003A109E /* SDWebImagePrefetcher.m */,
				15A0D88E1E8162D2003A109E /* UIButton+WebCache.h */,
				15A0D88F1E8162D2003A109E /* UIButton+WebCache.m */,
				15A0D8901E8162D2003A109E /* UIImage+GIF.h */,
				15A0D8911E8162D2003A109E /* UIImage+GIF.m */,
				15A0D8921E8162D2003A109E /* UIImage+MultiFormat.h */,
				15A0D8931E8162D2003A109E /* UIImage+MultiFormat.m */,
				15A0D8941E8162D2003A109E /* UIImage+WebP.h */,
				15A0D8951E8162D2003A109E /* UIImage+WebP.m */,
				15A0D8961E8162D2003A109E /* UIImageView+HighlightedWebCache.h */,
				15A0D8971E8162D2003A109E /* UIImageView+HighlightedWebCache.m */,
				15A0D8981E8162D2003A109E /* UIImageView+WebCache.h */,
				15A0D8991E8162D2003A109E /* UIImageView+WebCache.m */,
				15A0D89A1E8162D2003A109E /* UIView+WebCache.h */,
				15A0D89B1E8162D2003A109E /* UIView+WebCache.m */,
				15A0D89C1E8162D2003A109E /* UIView+WebCacheOperation.h */,
				15A0D89D1E8162D2003A109E /* UIView+WebCacheOperation.m */,
			);
			path = SDWebImage;
			sourceTree = "<group>";
		};
		15A0D89E1E8162D2003A109E /* Tools */ = {
			isa = PBXGroup;
			children = (
				15A0D89F1E8162D2003A109E /* TTAudioTool.h */,
				15A0D8A01E8162D2003A109E /* TTAudioTool.m */,
				15A0D8A11E8162D2003A109E /* TTBinaryData.h */,
				15A0D8A21E8162D2003A109E /* TTBinaryData.m */,
				15A0D8A31E8162D2003A109E /* TTKit.h */,
				15A0D8A41E8162D2003A109E /* TTKit.m */,
				15A0D8A51E8162D2003A109E /* TTManager.h */,
				15A0D8A61E8162D2003A109E /* TTManager.m */,
			);
			path = Tools;
			sourceTree = "<group>";
		};
		15A0D8C51E81681F003A109E /* Model */ = {
			isa = PBXGroup;
			children = (
				15A0D8C61E81681F003A109E /* Support */,
				15A0D8DF1E81681F003A109E /* TTBaseModel.h */,
				15A0D8E01E81681F003A109E /* TTBaseModel.m */,
				15A0D8E11E81681F003A109E /* TTShareUser.h */,
				15A0D8E21E81681F003A109E /* TTShareUser.m */,
			);
			path = Model;
			sourceTree = "<group>";
		};
		15A0D8C61E81681F003A109E /* Support */ = {
			isa = PBXGroup;
			children = (
				15A0D8C71E81681F003A109E /* MJExtension */,
			);
			path = Support;
			sourceTree = "<group>";
		};
		15A0D8C71E81681F003A109E /* MJExtension */ = {
			isa = PBXGroup;
			children = (
				15A0D8C81E81681F003A109E /* MJDictionaryCache.h */,
				15A0D8C91E81681F003A109E /* MJDictionaryCache.m */,
				15A0D8CA1E81681F003A109E /* MJExtension.h */,
				15A0D8CB1E81681F003A109E /* MJExtensionConst.h */,
				15A0D8CC1E81681F003A109E /* MJExtensionConst.m */,
				15A0D8CD1E81681F003A109E /* MJFoundation.h */,
				15A0D8CE1E81681F003A109E /* MJFoundation.m */,
				15A0D8CF1E81681F003A109E /* MJProperty.h */,
				15A0D8D01E81681F003A109E /* MJProperty.m */,
				15A0D8D11E81681F003A109E /* MJPropertyKey.h */,
				15A0D8D21E81681F003A109E /* MJPropertyKey.m */,
				15A0D8D31E81681F003A109E /* MJPropertyType.h */,
				15A0D8D41E81681F003A109E /* MJPropertyType.m */,
				15A0D8D51E81681F003A109E /* NSObject+MJClass.h */,
				15A0D8D61E81681F003A109E /* NSObject+MJClass.m */,
				15A0D8D71E81681F003A109E /* NSObject+MJCoding.h */,
				15A0D8D81E81681F003A109E /* NSObject+MJCoding.m */,
				15A0D8D91E81681F003A109E /* NSObject+MJKeyValue.h */,
				15A0D8DA1E81681F003A109E /* NSObject+MJKeyValue.m */,
				15A0D8DB1E81681F003A109E /* NSObject+MJProperty.h */,
				15A0D8DC1E81681F003A109E /* NSObject+MJProperty.m */,
				15A0D8DD1E81681F003A109E /* NSString+MJExtension.h */,
				15A0D8DE1E81681F003A109E /* NSString+MJExtension.m */,
			);
			path = MJExtension;
			sourceTree = "<group>";
		};
		15A0D9261E8169A9003A109E /* Frameworks */ = {
			isa = PBXGroup;
			children = (
				15A0D9351E816A3E003A109E /* libc++.tbd */,
				15A0D9331E8169E5003A109E /* CFNetwork.framework */,
				15A0D9311E8169DF003A109E /* CoreTelephony.framework */,
				15A0D92F1E8169C7003A109E /* Security.framework */,
				15A0D92D1E8169BF003A109E /* libc++.1.tbd */,
				15A0D92B1E8169B8003A109E /* libsqlite3.0.tbd */,
				15A0D9291E8169B2003A109E /* libz.1.2.8.tbd */,
				15A0D9271E8169A9003A109E /* SystemConfiguration.framework */,
			);
			name = Frameworks;
			sourceTree = "<group>";
		};
		15A0D9391E816B26003A109E /* TTShare */ = {
			isa = PBXGroup;
			children = (
				15A0D93A1E816B26003A109E /* ShareContentInfo.h */,
				15A0D93B1E816B26003A109E /* ShareContentInfo.m */,
				15A0D93C1E816B26003A109E /* SinaCenter */,
				15A0D94E1E816B26003A109E /* TencentCenter */,
				15A0D9541E816B26003A109E /* TTAuthInfo.h */,
				15A0D9551E816B26003A109E /* TTAuthInfo.m */,
				15A0D9561E816B26003A109E /* TTBaseShareCenter.h */,
				15A0D9571E816B26003A109E /* TTBaseShareCenter.m */,
				15A0D9581E816B26003A109E /* WeChatCenter */,
			);
			path = TTShare;
			sourceTree = "<group>";
		};
		15A0D93C1E816B26003A109E /* SinaCenter */ = {
			isa = PBXGroup;
			children = (
				15A0D93D1E816B26003A109E /* SDK_3_1_1 */,
				15A0D94A1E816B26003A109E /* SinaAuthRequest.h */,
				15A0D94B1E816B26003A109E /* SinaAuthRequest.m */,
				15A0D94C1E816B26003A109E /* TTSinaCenter.h */,
				15A0D94D1E816B26003A109E /* TTSinaCenter.m */,
			);
			path = SinaCenter;
			sourceTree = "<group>";
		};
		15A0D93D1E816B26003A109E /* SDK_3_1_1 */ = {
			isa = PBXGroup;
			children = (
				15A0D93E1E816B26003A109E /* libWeiboSDK.a */,
				15A0D93F1E816B26003A109E /* WBHttpRequest+WeiboGame.h */,
				15A0D9401E816B26003A109E /* WBHttpRequest+WeiboShare.h */,
				15A0D9411E816B26003A109E /* WBHttpRequest+WeiboToken.h */,
				15A0D9421E816B26003A109E /* WBHttpRequest+WeiboUser.h */,
				15A0D9431E816B26003A109E /* WBHttpRequest.h */,
				15A0D9441E816B26003A109E /* WBSDKBasicButton.h */,
				15A0D9451E816B26003A109E /* WBSDKCommentButton.h */,
				15A0D9461E816B26003A109E /* WBSDKRelationshipButton.h */,
				15A0D9471E816B26003A109E /* WeiboSDK.bundle */,
				15A0D9481E816B26003A109E /* WeiboSDK.h */,
				15A0D9491E816B26003A109E /* WeiboUser.h */,
			);
			path = SDK_3_1_1;
			sourceTree = "<group>";
		};
		15A0D94E1E816B26003A109E /* TencentCenter */ = {
			isa = PBXGroup;
			children = (
				15A0D94F1E816B26003A109E /* SDK_2_9_3 */,
				15A0D9521E816B26003A109E /* TTTencentCenter.h */,
				15A0D9531E816B26003A109E /* TTTencentCenter.m */,
			);
			path = TencentCenter;
			sourceTree = "<group>";
		};
		15A0D94F1E816B26003A109E /* SDK_2_9_3 */ = {
			isa = PBXGroup;
			children = (
				15A0D9501E816B26003A109E /* TencentOpenAPI.framework */,
				15A0D9511E816B26003A109E /* TencentOpenApi_IOS_Bundle.bundle */,
			);
			path = SDK_2_9_3;
			sourceTree = "<group>";
		};
		15A0D9581E816B26003A109E /* WeChatCenter */ = {
			isa = PBXGroup;
			children = (
				15A0D9591E816B26003A109E /* SDK_1_6_2 */,
				15A0D95E1E816B26003A109E /* TTWeChatCenter.h */,
				15A0D95F1E816B26003A109E /* TTWeChatCenter.m */,
				15A0D9601E816B26003A109E /* WXAuthRequest.h */,
				15A0D9611E816B26003A109E /* WXAuthRequest.m */,
			);
			path = WeChatCenter;
			sourceTree = "<group>";
		};
		15A0D9591E816B26003A109E /* SDK_1_6_2 */ = {
			isa = PBXGroup;
			children = (
				15A0D95A1E816B26003A109E /* libWeChatSDK.a */,
				15A0D95B1E816B26003A109E /* WechatAuthSDK.h */,
				15A0D95C1E816B26003A109E /* WXApi.h */,
				15A0D95D1E816B26003A109E /* WXApiObject.h */,
			);
			path = SDK_1_6_2;
			sourceTree = "<group>";
		};
		15C7BF1F1E69078C001636DA /* TTHUDMessage */ = {
			isa = PBXGroup;
			children = (
				15C7BF201E6907B4001636DA /* MBProgressHUD */,
				15C7BF241E690831001636DA /* TTHUDMessage.h */,
				15C7BF251E690831001636DA /* TTHUDMessage.m */,
			);
			path = TTHUDMessage;
			sourceTree = "<group>";
		};
		15C7BF201E6907B4001636DA /* MBProgressHUD */ = {
			isa = PBXGroup;
			children = (
				15C7BF211E6907BA001636DA /* MBProgressHUD.h */,
				15C7BF221E6907BA001636DA /* MBProgressHUD.m */,
			);
			path = MBProgressHUD;
			sourceTree = "<group>";
		};
		2DEEE8CA1E73D4C90089CE1F /* NetWork */ = {
			isa = PBXGroup;
			children = (
				2DEEE90C1E73DCF10089CE1F /* Support */,
				2DEEE8CB1E73D4E20089CE1F /* TTBaseRequest.h */,
				2DEEE8CC1E73D4E20089CE1F /* TTBaseRequest.m */,
				2DEEE92A1E73E76C0089CE1F /* TTRequest.h */,
				2DEEE92B1E73E76C0089CE1F /* TTRequest.m */,
			);
			path = NetWork;
			sourceTree = "<group>";
		};
		2DEEE8F21E73DC950089CE1F /* ReasourceFiles */ = {
			isa = PBXGroup;
			children = (
				2DEEE8F31E73DCA00089CE1F /* Images */,
				2DEEE9001E73DCA00089CE1F /* js */,
			);
			path = ReasourceFiles;
			sourceTree = "<group>";
		};
		2DEEE8F31E73DCA00089CE1F /* Images */ = {
			isa = PBXGroup;
			children = (
				2DEEE8F41E73DCA00089CE1F /* HUD */,
				2DEEE8FB1E73DCA00089CE1F /* RatingBar */,
				2DEEE8FE1E73DCA00089CE1F /* RefreshHeader */,
			);
			path = Images;
			sourceTree = "<group>";
		};
		2DEEE8F41E73DCA00089CE1F /* HUD */ = {
			isa = PBXGroup;
			children = (
				2DEEE8F51E73DCA00089CE1F /* hud_completed.png */,
				2DEEE8F61E73DCA00089CE1F /* hud_completed@2x.png */,
				2DEEE8F71E73DCA00089CE1F /* hud_error.png */,
				2DEEE8F81E73DCA00089CE1F /* hud_error@2x.png */,
				2DEEE8F91E73DCA00089CE1F /* hud_info.png */,
				2DEEE8FA1E73DCA00089CE1F /* hud_info@2x.png */,
			);
			path = HUD;
			sourceTree = "<group>";
		};
		2DEEE8FB1E73DCA00089CE1F /* RatingBar */ = {
			isa = PBXGroup;
			children = (
				2DEEE8FC1E73DCA00089CE1F /* ratingbar_bgstar.png */,
				2DEEE8FD1E73DCA00089CE1F /* ratingbar_fgstar.png */,
			);
			path = RatingBar;
			sourceTree = "<group>";
		};
		2DEEE8FE1E73DCA00089CE1F /* RefreshHeader */ = {
			isa = PBXGroup;
			children = (
				2DEEE8FF1E73DCA00089CE1F /* refresh_header_loading.png */,
			);
			path = RefreshHeader;
			sourceTree = "<group>";
		};
		2DEEE9001E73DCA00089CE1F /* js */ = {
			isa = PBXGroup;
			children = (
				2DEEE9011E73DCA00089CE1F /* autoResizeAllImage.js */,
			);
			path = js;
			sourceTree = "<group>";
		};
		2DEEE90C1E73DCF10089CE1F /* Support */ = {
			isa = PBXGroup;
			children = (
				2DEEE90D1E73DCF10089CE1F /* AFNetworking */,
			);
			path = Support;
			sourceTree = "<group>";
		};
		2DEEE90D1E73DCF10089CE1F /* AFNetworking */ = {
			isa = PBXGroup;
			children = (
				2DEEE90E1E73DCF10089CE1F /* AFHTTPRequestOperation.h */,
				2DEEE90F1E73DCF10089CE1F /* AFHTTPRequestOperation.m */,
				2DEEE9101E73DCF10089CE1F /* AFHTTPRequestOperationManager.h */,
				2DEEE9111E73DCF10089CE1F /* AFHTTPRequestOperationManager.m */,
				2DEEE9121E73DCF10089CE1F /* AFHTTPSessionManager.h */,
				2DEEE9131E73DCF10089CE1F /* AFHTTPSessionManager.m */,
				2DEEE9141E73DCF10089CE1F /* AFNetworking.h */,
				2DEEE9151E73DCF10089CE1F /* AFNetworkReachabilityManager.h */,
				2DEEE9161E73DCF10089CE1F /* AFNetworkReachabilityManager.m */,
				2DEEE9171E73DCF10089CE1F /* AFSecurityPolicy.h */,
				2DEEE9181E73DCF10089CE1F /* AFSecurityPolicy.m */,
				2DEEE9191E73DCF10089CE1F /* AFURLConnectionOperation.h */,
				2DEEE91A1E73DCF10089CE1F /* AFURLConnectionOperation.m */,
				2DEEE91B1E73DCF10089CE1F /* AFURLRequestSerialization.h */,
				2DEEE91C1E73DCF10089CE1F /* AFURLRequestSerialization.m */,
				2DEEE91D1E73DCF10089CE1F /* AFURLResponseSerialization.h */,
				2DEEE91E1E73DCF10089CE1F /* AFURLResponseSerialization.m */,
				2DEEE91F1E73DCF10089CE1F /* AFURLSessionManager.h */,
				2DEEE9201E73DCF10089CE1F /* AFURLSessionManager.m */,
			);
			path = AFNetworking;
			sourceTree = "<group>";
		};
/* End PBXGroup section */

/* Begin PBXNativeTarget section */
		153954281E64272B00A20FB9 /* TT */ = {
			isa = PBXNativeTarget;
			buildConfigurationList = 153954561E64272C00A20FB9 /* Build configuration list for PBXNativeTarget "TT" */;
			buildPhases = (
				153954251E64272B00A20FB9 /* Sources */,
				153954261E64272B00A20FB9 /* Frameworks */,
				153954271E64272B00A20FB9 /* Resources */,
			);
			buildRules = (
			);
			dependencies = (
			);
			name = TT;
			productName = TT;
			productReference = 153954291E64272B00A20FB9 /* TT.app */;
			productType = "com.apple.product-type.application";
		};
		153954411E64272C00A20FB9 /* TTTests */ = {
			isa = PBXNativeTarget;
			buildConfigurationList = 153954591E64272C00A20FB9 /* Build configuration list for PBXNativeTarget "TTTests" */;
			buildPhases = (
				1539543E1E64272C00A20FB9 /* Sources */,
				1539543F1E64272C00A20FB9 /* Frameworks */,
				153954401E64272C00A20FB9 /* Resources */,
			);
			buildRules = (
			);
			dependencies = (
				153954441E64272C00A20FB9 /* PBXTargetDependency */,
			);
			name = TTTests;
			productName = TTTests;
			productReference = 153954421E64272C00A20FB9 /* TTTests.xctest */;
			productType = "com.apple.product-type.bundle.unit-test";
		};
		1539544C1E64272C00A20FB9 /* TTUITests */ = {
			isa = PBXNativeTarget;
			buildConfigurationList = 1539545C1E64272C00A20FB9 /* Build configuration list for PBXNativeTarget "TTUITests" */;
			buildPhases = (
				153954491E64272C00A20FB9 /* Sources */,
				1539544A1E64272C00A20FB9 /* Frameworks */,
				1539544B1E64272C00A20FB9 /* Resources */,
			);
			buildRules = (
			);
			dependencies = (
				1539544F1E64272C00A20FB9 /* PBXTargetDependency */,
			);
			name = TTUITests;
			productName = TTUITests;
			productReference = 1539544D1E64272C00A20FB9 /* TTUITests.xctest */;
			productType = "com.apple.product-type.bundle.ui-testing";
		};
/* End PBXNativeTarget section */

/* Begin PBXProject section */
		153954211E64272B00A20FB9 /* Project object */ = {
			isa = PBXProject;
			attributes = {
				LastUpgradeCheck = 0820;
				ORGANIZATIONNAME = "张福润";
				TargetAttributes = {
					153954281E64272B00A20FB9 = {
						CreatedOnToolsVersion = 8.2.1;
						ProvisioningStyle = Automatic;
					};
					153954411E64272C00A20FB9 = {
						CreatedOnToolsVersion = 8.2.1;
						ProvisioningStyle = Automatic;
						TestTargetID = 153954281E64272B00A20FB9;
					};
					1539544C1E64272C00A20FB9 = {
						CreatedOnToolsVersion = 8.2.1;
						ProvisioningStyle = Automatic;
						TestTargetID = 153954281E64272B00A20FB9;
					};
				};
			};
			buildConfigurationList = 153954241E64272B00A20FB9 /* Build configuration list for PBXProject "TT" */;
			compatibilityVersion = "Xcode 3.2";
			developmentRegion = English;
			hasScannedForEncodings = 0;
			knownRegions = (
				en,
				Base,
			);
			mainGroup = 153954201E64272B00A20FB9;
			productRefGroup = 1539542A1E64272B00A20FB9 /* Products */;
			projectDirPath = "";
			projectRoot = "";
			targets = (
				153954281E64272B00A20FB9 /* TT */,
				153954411E64272C00A20FB9 /* TTTests */,
				1539544C1E64272C00A20FB9 /* TTUITests */,
			);
		};
/* End PBXProject section */

/* Begin PBXResourcesBuildPhase section */
		153954271E64272B00A20FB9 /* Resources */ = {
			isa = PBXResourcesBuildPhase;
			buildActionMask = 2147483647;
			files = (
				15A0D9681E816B26003A109E /* TencentOpenApi_IOS_Bundle.bundle in Resources */,
				2DEEE9051E73DCA00089CE1F /* hud_error@2x.png in Resources */,
				2DEEE90A1E73DCA00089CE1F /* refresh_header_loading.png in Resources */,
				15A0D9641E816B26003A109E /* WeiboSDK.bundle in Resources */,
				2DEEE9081E73DCA00089CE1F /* ratingbar_bgstar.png in Resources */,
				2DEEE9041E73DCA00089CE1F /* hud_error.png in Resources */,
				1539543C1E64272B00A20FB9 /* LaunchScreen.storyboard in Resources */,
				15A0D8731E816283003A109E /* TTAnnotation.strings in Resources */,
				2DEEE9071E73DCA00089CE1F /* hud_info@2x.png in Resources */,
				2DEEE90B1E73DCA00089CE1F /* autoResizeAllImage.js in Resources */,
				2DEEE9061E73DCA00089CE1F /* hud_info.png in Resources */,
				2DEEE9021E73DCA00089CE1F /* hud_completed.png in Resources */,
				153954391E64272B00A20FB9 /* Assets.xcassets in Resources */,
				2DEEE9031E73DCA00089CE1F /* hud_completed@2x.png in Resources */,
				2DEEE9091E73DCA00089CE1F /* ratingbar_fgstar.png in Resources */,
				153954371E64272B00A20FB9 /* Main.storyboard in Resources */,
			);
			runOnlyForDeploymentPostprocessing = 0;
		};
		153954401E64272C00A20FB9 /* Resources */ = {
			isa = PBXResourcesBuildPhase;
			buildActionMask = 2147483647;
			files = (
			);
			runOnlyForDeploymentPostprocessing = 0;
		};
		1539544B1E64272C00A20FB9 /* Resources */ = {
			isa = PBXResourcesBuildPhase;
			buildActionMask = 2147483647;
			files = (
			);
			runOnlyForDeploymentPostprocessing = 0;
		};
/* End PBXResourcesBuildPhase section */

/* Begin PBXSourcesBuildPhase section */
		153954251E64272B00A20FB9 /* Sources */ = {
			isa = PBXSourcesBuildPhase;
			buildActionMask = 2147483647;
			files = (
				2DEEE9211E73DCF10089CE1F /* AFHTTPRequestOperation.m in Sources */,
				15A0D8AF1E8162D2003A109E /* SDImageCache.m in Sources */,
				15A0D8E51E81681F003A109E /* MJFoundation.m in Sources */,
				153955CA1E642FDA00A20FB9 /* UIView+TTSuperView.m in Sources */,
				2DEEE8CD1E73D4E20089CE1F /* TTBaseRequest.m in Sources */,
				15A0D8BE1E8162D2003A109E /* UIView+WebCacheOperation.m in Sources */,
				153955D31E64365B00A20FB9 /* UIWindow+TTWindow.m in Sources */,
				15A0D9621E816B26003A109E /* ShareContentInfo.m in Sources */,
				15A0D8EC1E81681F003A109E /* NSObject+MJProperty.m in Sources */,
				15A0D8AD1E8162D2003A109E /* NSData+ImageContentType.m in Sources */,
				153955D61E643BF900A20FB9 /* NSBundle+TTBundle.m in Sources */,
				15A0D8C11E8162D2003A109E /* TTKit.m in Sources */,
				15A0D8C21E8162D2003A109E /* TTManager.m in Sources */,
				15A0D8EF1E81681F003A109E /* TTShareUser.m in Sources */,
				15A0D9651E816B26003A109E /* SinaAuthRequest.m in Sources */,
				2DEEE9231E73DCF10089CE1F /* AFHTTPSessionManager.m in Sources */,
				15A0D8E71E81681F003A109E /* MJPropertyKey.m in Sources */,
				15A0D8B41E8162D2003A109E /* SDWebImageDownloaderOperation.m in Sources */,
				15A0D8B61E8162D2003A109E /* SDWebImagePrefetcher.m in Sources */,
				153955BE1E6428ED00A20FB9 /* NSDate+TTDate.m in Sources */,
				2DEEE9291E73DCF10089CE1F /* AFURLSessionManager.m in Sources */,
				153954341E64272B00A20FB9 /* ViewController.m in Sources */,
				15A0D8B91E8162D2003A109E /* UIImage+MultiFormat.m in Sources */,
				2DEEE9251E73DCF10089CE1F /* AFSecurityPolicy.m in Sources */,
				2DEEE9281E73DCF10089CE1F /* AFURLResponseSerialization.m in Sources */,
				15A0D8B71E8162D2003A109E /* UIButton+WebCache.m in Sources */,
				15A0D8EA1E81681F003A109E /* NSObject+MJCoding.m in Sources */,
				15A0D8B81E8162D2003A109E /* UIImage+GIF.m in Sources */,
				15C7BF261E690831001636DA /* TTHUDMessage.m in Sources */,
				153955C11E64298600A20FB9 /* NSFileManager+TTFileManager.m in Sources */,
				2DEEE9261E73DCF10089CE1F /* AFURLConnectionOperation.m in Sources */,
				15A0D8E31E81681F003A109E /* MJDictionaryCache.m in Sources */,
				153955BB1E64288600A20FB9 /* UIDevice+TTDevice.m in Sources */,
				2DEEE9271E73DCF10089CE1F /* AFURLRequestSerialization.m in Sources */,
				2DEEE9221E73DCF10089CE1F /* AFHTTPRequestOperationManager.m in Sources */,
				153955C71E642B2100A20FB9 /* NSUserDefaults+TTUserDefaults.m in Sources */,
				15A0D8E91E81681F003A109E /* NSObject+MJClass.m in Sources */,
				15A0D8E81E81681F003A109E /* MJPropertyType.m in Sources */,
				15A0D8BD1E8162D2003A109E /* UIView+WebCache.m in Sources */,
				15A0D9691E816B26003A109E /* TTTencentCenter.m in Sources */,
				2DEEE9241E73DCF10089CE1F /* AFNetworkReachabilityManager.m in Sources */,
				15A0D96E1E816B26003A109E /* WXAuthRequest.m in Sources */,
				15A0D8B51E8162D2003A109E /* SDWebImageManager.m in Sources */,
				15A0D8BA1E8162D2003A109E /* UIImage+WebP.m in Sources */,
				15A0D96A1E816B26003A109E /* TTAuthInfo.m in Sources */,
				153955D01E6431DE00A20FB9 /* UINavigationController+TTFullscreenPopGesture.m in Sources */,
				15C7BF231E6907BA001636DA /* MBProgressHUD.m in Sources */,
				15A0D8AE1E8162D2003A109E /* NSImage+WebCache.m in Sources */,
				15A0D9661E816B26003A109E /* TTSinaCenter.m in Sources */,
				153954311E64272B00A20FB9 /* AppDelegate.m in Sources */,
				15A0D8BC1E8162D2003A109E /* UIImageView+WebCache.m in Sources */,
				15A0D8E41E81681F003A109E /* MJExtensionConst.m in Sources */,
				15A0D8EB1E81681F003A109E /* NSObject+MJKeyValue.m in Sources */,
				15A0D8B31E8162D2003A109E /* SDWebImageDownloader.m in Sources */,
				15A0D8C01E8162D2003A109E /* TTBinaryData.m in Sources */,
				15A0D96B1E816B26003A109E /* TTBaseShareCenter.m in Sources */,
				15A0D8ED1E81681F003A109E /* NSString+MJExtension.m in Sources */,
				15A0D8B01E8162D2003A109E /* SDImageCacheConfig.m in Sources */,
				153955C41E642A1A00A20FB9 /* NSString+TTString.m in Sources */,
				15A0D8AC1E8162D2003A109E /* MKAnnotationView+WebCache.m in Sources */,
				15A0D8EE1E81681F003A109E /* TTBaseModel.m in Sources */,
				15A0D8B21E8162D2003A109E /* SDWebImageDecoder.m in Sources */,
				15A0D8B11E8162D2003A109E /* SDWebImageCompat.m in Sources */,
				15A0D8E61E81681F003A109E /* MJProperty.m in Sources */,
				15A0D8BF1E8162D2003A109E /* TTAudioTool.m in Sources */,
				15A0D96D1E816B26003A109E /* TTWeChatCenter.m in Sources */,
				15A0D8BB1E8162D2003A109E /* UIImageView+HighlightedWebCache.m in Sources */,
				2DEEE92C1E73E76C0089CE1F /* TTRequest.m in Sources */,
				1539542E1E64272B00A20FB9 /* main.m in Sources */,
			);
			runOnlyForDeploymentPostprocessing = 0;
		};
		1539543E1E64272C00A20FB9 /* Sources */ = {
			isa = PBXSourcesBuildPhase;
			buildActionMask = 2147483647;
			files = (
				153954471E64272C00A20FB9 /* TTTests.m in Sources */,
			);
			runOnlyForDeploymentPostprocessing = 0;
		};
		153954491E64272C00A20FB9 /* Sources */ = {
			isa = PBXSourcesBuildPhase;
			buildActionMask = 2147483647;
			files = (
				153954521E64272C00A20FB9 /* TTUITests.m in Sources */,
			);
			runOnlyForDeploymentPostprocessing = 0;
		};
/* End PBXSourcesBuildPhase section */

/* Begin PBXTargetDependency section */
		153954441E64272C00A20FB9 /* PBXTargetDependency */ = {
			isa = PBXTargetDependency;
			target = 153954281E64272B00A20FB9 /* TT */;
			targetProxy = 153954431E64272C00A20FB9 /* PBXContainerItemProxy */;
		};
		1539544F1E64272C00A20FB9 /* PBXTargetDependency */ = {
			isa = PBXTargetDependency;
			target = 153954281E64272B00A20FB9 /* TT */;
			targetProxy = 1539544E1E64272C00A20FB9 /* PBXContainerItemProxy */;
		};
/* End PBXTargetDependency section */

/* Begin PBXVariantGroup section */
		153954351E64272B00A20FB9 /* Main.storyboard */ = {
			isa = PBXVariantGroup;
			children = (
				153954361E64272B00A20FB9 /* Base */,
			);
			name = Main.storyboard;
			sourceTree = "<group>";
		};
		1539543A1E64272B00A20FB9 /* LaunchScreen.storyboard */ = {
			isa = PBXVariantGroup;
			children = (
				1539543B1E64272B00A20FB9 /* Base */,
			);
			name = LaunchScreen.storyboard;
			sourceTree = "<group>";
		};
/* End PBXVariantGroup section */

/* Begin XCBuildConfiguration section */
		153954541E64272C00A20FB9 /* Debug */ = {
			isa = XCBuildConfiguration;
			buildSettings = {
				ALWAYS_SEARCH_USER_PATHS = NO;
				CLANG_ANALYZER_NONNULL = YES;
				CLANG_CXX_LANGUAGE_STANDARD = "gnu++0x";
				CLANG_CXX_LIBRARY = "libc++";
				CLANG_ENABLE_MODULES = YES;
				CLANG_ENABLE_OBJC_ARC = YES;
				CLANG_WARN_BOOL_CONVERSION = YES;
				CLANG_WARN_CONSTANT_CONVERSION = YES;
				CLANG_WARN_DIRECT_OBJC_ISA_USAGE = YES_ERROR;
				CLANG_WARN_DOCUMENTATION_COMMENTS = YES;
				CLANG_WARN_EMPTY_BODY = YES;
				CLANG_WARN_ENUM_CONVERSION = YES;
				CLANG_WARN_INFINITE_RECURSION = YES;
				CLANG_WARN_INT_CONVERSION = YES;
				CLANG_WARN_OBJC_ROOT_CLASS = YES_ERROR;
				CLANG_WARN_SUSPICIOUS_MOVE = YES;
				CLANG_WARN_UNREACHABLE_CODE = YES;
				CLANG_WARN__DUPLICATE_METHOD_MATCH = YES;
				"CODE_SIGN_IDENTITY[sdk=iphoneos*]" = "iPhone Developer";
				COPY_PHASE_STRIP = NO;
				DEBUG_INFORMATION_FORMAT = dwarf;
				ENABLE_STRICT_OBJC_MSGSEND = YES;
				ENABLE_TESTABILITY = YES;
				GCC_C_LANGUAGE_STANDARD = gnu99;
				GCC_DYNAMIC_NO_PIC = NO;
				GCC_NO_COMMON_BLOCKS = YES;
				GCC_OPTIMIZATION_LEVEL = 0;
				GCC_PREPROCESSOR_DEFINITIONS = (
					"DEBUG=1",
					"$(inherited)",
				);
				GCC_WARN_64_TO_32_BIT_CONVERSION = YES;
				GCC_WARN_ABOUT_RETURN_TYPE = YES_ERROR;
				GCC_WARN_UNDECLARED_SELECTOR = YES;
				GCC_WARN_UNINITIALIZED_AUTOS = YES_AGGRESSIVE;
				GCC_WARN_UNUSED_FUNCTION = YES;
				GCC_WARN_UNUSED_VARIABLE = YES;
				IPHONEOS_DEPLOYMENT_TARGET = 10.2;
				MTL_ENABLE_DEBUG_INFO = YES;
				ONLY_ACTIVE_ARCH = YES;
				SDKROOT = iphoneos;
				TARGETED_DEVICE_FAMILY = "1,2";
			};
			name = Debug;
		};
		153954551E64272C00A20FB9 /* Release */ = {
			isa = XCBuildConfiguration;
			buildSettings = {
				ALWAYS_SEARCH_USER_PATHS = NO;
				CLANG_ANALYZER_NONNULL = YES;
				CLANG_CXX_LANGUAGE_STANDARD = "gnu++0x";
				CLANG_CXX_LIBRARY = "libc++";
				CLANG_ENABLE_MODULES = YES;
				CLANG_ENABLE_OBJC_ARC = YES;
				CLANG_WARN_BOOL_CONVERSION = YES;
				CLANG_WARN_CONSTANT_CONVERSION = YES;
				CLANG_WARN_DIRECT_OBJC_ISA_USAGE = YES_ERROR;
				CLANG_WARN_DOCUMENTATION_COMMENTS = YES;
				CLANG_WARN_EMPTY_BODY = YES;
				CLANG_WARN_ENUM_CONVERSION = YES;
				CLANG_WARN_INFINITE_RECURSION = YES;
				CLANG_WARN_INT_CONVERSION = YES;
				CLANG_WARN_OBJC_ROOT_CLASS = YES_ERROR;
				CLANG_WARN_SUSPICIOUS_MOVE = YES;
				CLANG_WARN_UNREACHABLE_CODE = YES;
				CLANG_WARN__DUPLICATE_METHOD_MATCH = YES;
				"CODE_SIGN_IDENTITY[sdk=iphoneos*]" = "iPhone Developer";
				COPY_PHASE_STRIP = NO;
				DEBUG_INFORMATION_FORMAT = "dwarf-with-dsym";
				ENABLE_NS_ASSERTIONS = NO;
				ENABLE_STRICT_OBJC_MSGSEND = YES;
				GCC_C_LANGUAGE_STANDARD = gnu99;
				GCC_NO_COMMON_BLOCKS = YES;
				GCC_WARN_64_TO_32_BIT_CONVERSION = YES;
				GCC_WARN_ABOUT_RETURN_TYPE = YES_ERROR;
				GCC_WARN_UNDECLARED_SELECTOR = YES;
				GCC_WARN_UNINITIALIZED_AUTOS = YES_AGGRESSIVE;
				GCC_WARN_UNUSED_FUNCTION = YES;
				GCC_WARN_UNUSED_VARIABLE = YES;
				IPHONEOS_DEPLOYMENT_TARGET = 10.2;
				MTL_ENABLE_DEBUG_INFO = NO;
				SDKROOT = iphoneos;
				TARGETED_DEVICE_FAMILY = "1,2";
				VALIDATE_PRODUCT = YES;
			};
			name = Release;
		};
		153954571E64272C00A20FB9 /* Debug */ = {
			isa = XCBuildConfiguration;
			buildSettings = {
				ASSETCATALOG_COMPILER_APPICON_NAME = AppIcon;
				FRAMEWORK_SEARCH_PATHS = (
					"$(inherited)",
					"$(PROJECT_DIR)/TTFrameWork/TTShare/TencentCenter/SDK_2_9_3",
				);
				INFOPLIST_FILE = TT/Info.plist;
				IPHONEOS_DEPLOYMENT_TARGET = 7.0;
				LD_RUNPATH_SEARCH_PATHS = "$(inherited) @executable_path/Frameworks";
				LIBRARY_SEARCH_PATHS = (
					"$(inherited)",
					"$(PROJECT_DIR)/TTFrameWork/TTShare/SinaCenter/SDK_3_1_1",
					"$(PROJECT_DIR)/TTFrameWork/TTShare/WeChatCenter/SDK_1_6_2",
				);
				OTHER_LDFLAGS = (
					"-Objc",
					"-all_load",
				);
				PRODUCT_BUNDLE_IDENTIFIER = com.zhangfurun.TT;
				PRODUCT_NAME = "$(TARGET_NAME)";
			};
			name = Debug;
		};
		153954581E64272C00A20FB9 /* Release */ = {
			isa = XCBuildConfiguration;
			buildSettings = {
				ASSETCATALOG_COMPILER_APPICON_NAME = AppIcon;
				FRAMEWORK_SEARCH_PATHS = (
					"$(inherited)",
					"$(PROJECT_DIR)/TTFrameWork/TTShare/TencentCenter/SDK_2_9_3",
				);
				INFOPLIST_FILE = TT/Info.plist;
				IPHONEOS_DEPLOYMENT_TARGET = 7.0;
				LD_RUNPATH_SEARCH_PATHS = "$(inherited) @executable_path/Frameworks";
				LIBRARY_SEARCH_PATHS = (
					"$(inherited)",
					"$(PROJECT_DIR)/TTFrameWork/TTShare/SinaCenter/SDK_3_1_1",
					"$(PROJECT_DIR)/TTFrameWork/TTShare/WeChatCenter/SDK_1_6_2",
				);
				OTHER_LDFLAGS = (
					"-Objc",
					"-all_load",
				);
				PRODUCT_BUNDLE_IDENTIFIER = com.zhangfurun.TT;
				PRODUCT_NAME = "$(TARGET_NAME)";
			};
			name = Release;
		};
		1539545A1E64272C00A20FB9 /* Debug */ = {
			isa = XCBuildConfiguration;
			buildSettings = {
				BUNDLE_LOADER = "$(TEST_HOST)";
				INFOPLIST_FILE = TTTests/Info.plist;
				LD_RUNPATH_SEARCH_PATHS = "$(inherited) @executable_path/Frameworks @loader_path/Frameworks";
				PRODUCT_BUNDLE_IDENTIFIER = com.zhangfurun.TTTests;
				PRODUCT_NAME = "$(TARGET_NAME)";
				TEST_HOST = "$(BUILT_PRODUCTS_DIR)/TT.app/TT";
			};
			name = Debug;
		};
		1539545B1E64272C00A20FB9 /* Release */ = {
			isa = XCBuildConfiguration;
			buildSettings = {
				BUNDLE_LOADER = "$(TEST_HOST)";
				INFOPLIST_FILE = TTTests/Info.plist;
				LD_RUNPATH_SEARCH_PATHS = "$(inherited) @executable_path/Frameworks @loader_path/Frameworks";
				PRODUCT_BUNDLE_IDENTIFIER = com.zhangfurun.TTTests;
				PRODUCT_NAME = "$(TARGET_NAME)";
				TEST_HOST = "$(BUILT_PRODUCTS_DIR)/TT.app/TT";
			};
			name = Release;
		};
		1539545D1E64272C00A20FB9 /* Debug */ = {
			isa = XCBuildConfiguration;
			buildSettings = {
				INFOPLIST_FILE = TTUITests/Info.plist;
				LD_RUNPATH_SEARCH_PATHS = "$(inherited) @executable_path/Frameworks @loader_path/Frameworks";
				PRODUCT_BUNDLE_IDENTIFIER = com.zhangfurun.TTUITests;
				PRODUCT_NAME = "$(TARGET_NAME)";
				TEST_TARGET_NAME = TT;
			};
			name = Debug;
		};
		1539545E1E64272C00A20FB9 /* Release */ = {
			isa = XCBuildConfiguration;
			buildSettings = {
				INFOPLIST_FILE = TTUITests/Info.plist;
				LD_RUNPATH_SEARCH_PATHS = "$(inherited) @executable_path/Frameworks @loader_path/Frameworks";
				PRODUCT_BUNDLE_IDENTIFIER = com.zhangfurun.TTUITests;
				PRODUCT_NAME = "$(TARGET_NAME)";
				TEST_TARGET_NAME = TT;
			};
			name = Release;
		};
/* End XCBuildConfiguration section */

/* Begin XCConfigurationList section */
		153954241E64272B00A20FB9 /* Build configuration list for PBXProject "TT" */ = {
			isa = XCConfigurationList;
			buildConfigurations = (
				153954541E64272C00A20FB9 /* Debug */,
				153954551E64272C00A20FB9 /* Release */,
			);
			defaultConfigurationIsVisible = 0;
			defaultConfigurationName = Release;
		};
		153954561E64272C00A20FB9 /* Build configuration list for PBXNativeTarget "TT" */ = {
			isa = XCConfigurationList;
			buildConfigurations = (
				153954571E64272C00A20FB9 /* Debug */,
				153954581E64272C00A20FB9 /* Release */,
			);
			defaultConfigurationIsVisible = 0;
			defaultConfigurationName = Release;
		};
		153954591E64272C00A20FB9 /* Build configuration list for PBXNativeTarget "TTTests" */ = {
			isa = XCConfigurationList;
			buildConfigurations = (
				1539545A1E64272C00A20FB9 /* Debug */,
				1539545B1E64272C00A20FB9 /* Release */,
			);
			defaultConfigurationIsVisible = 0;
			defaultConfigurationName = Release;
		};
		1539545C1E64272C00A20FB9 /* Build configuration list for PBXNativeTarget "TTUITests" */ = {
			isa = XCConfigurationList;
			buildConfigurations = (
				1539545D1E64272C00A20FB9 /* Debug */,
				1539545E1E64272C00A20FB9 /* Release */,
			);
			defaultConfigurationIsVisible = 0;
			defaultConfigurationName = Release;
		};
/* End XCConfigurationList section */
	};
	rootObject = 153954211E64272B00A20FB9 /* Project object */;
}
